// !$*UTF8*$!
{
	archiveVersion = 1;
	classes = {
	};
	objectVersion = 77;
	objects = {

/* Begin PBXBuildFile section */
		08AF7D781FC1FEC3302B1725 /* UsageManagerTests.swift in Sources */ = {isa = PBXBuildFile; fileRef = 161EAAB217364EB7BA813812 /* UsageManagerTests.swift */; };
		097CCC9936E501E8078390A8 /* DiagnosticComparisonView.swift in Sources */ = {isa = PBXBuildFile; fileRef = C899083064B4AD64E50A8999 /* DiagnosticComparisonView.swift */; };
		0C420791D4BD272ADDD3FB17 /* ImageDownsampler.swift in Sources */ = {isa = PBXBuildFile; fileRef = DE397C54CDB94A4EFBF5FC92 /* ImageDownsampler.swift */; };
		11FDF15A120F27FD55304F12 /* ScanRepositoryTests.swift in Sources */ = {isa = PBXBuildFile; fileRef = EB63682C61190F71EFFC9C18 /* ScanRepositoryTests.swift */; };
		12AA0FAE9C4B36B2EBD02ED0 /* ArchiveManagerTests.swift in Sources */ = {isa = PBXBuildFile; fileRef = 72B6122F2DCEB5D8D727A05E /* ArchiveManagerTests.swift */; };
		153C2C3CD5D14CAF114DE7BF /* InsightSheetView.swift in Sources */ = {isa = PBXBuildFile; fileRef = 6AACE13704334DE8F9427412 /* InsightSheetView.swift */; };
		1AF43A34D958F0AD5B596EC8 /* InferenceEngine.swift in Sources */ = {isa = PBXBuildFile; fileRef = 1044C34325AE2EFB4EC21358 /* InferenceEngine.swift */; };
		1B6BFA65E4FD0F69771A22F5 /* InferenceEngineTests.swift in Sources */ = {isa = PBXBuildFile; fileRef = 1BED795DDD156C8FE18D565B /* InferenceEngineTests.swift */; };
		1C5709A83A147B30524F24AE /* FlagIssueView.swift in Sources */ = {isa = PBXBuildFile; fileRef = 4314F53DEDFEA506237AA41B /* FlagIssueView.swift */; };
		1FA6191F65E8440EB467E825 /* MerianEnvironment.swift in Sources */ = {isa = PBXBuildFile; fileRef = 7A49C9ED18B1015B36EB9C2F /* MerianEnvironment.swift */; };
		2A2E70256C7D30677127DCD3 /* PaywallView.swift in Sources */ = {isa = PBXBuildFile; fileRef = 56646D3809FACA0E32E3BE2D /* PaywallView.swift */; };
		2BF1BEB4A71119405DD5F026 /* WatchAcousticManager.swift in Sources */ = {isa = PBXBuildFile; fileRef = 8E1A5A4F88C1B623CFF5B25F /* WatchAcousticManager.swift */; };
		2CC62B15DA810F7591D7B0DF /* SaveToCollectionSheetView.swift in Sources */ = {isa = PBXBuildFile; fileRef = 06F4DD900A62CD599482A033 /* SaveToCollectionSheetView.swift */; };
		2EA34DB4680CC269E0767805 /* Assets.xcassets in Resources */ = {isa = PBXBuildFile; fileRef = BF6016D928A11551039654D0 /* Assets.xcassets */; };
		329169F2439B45C14F911359 /* PostHogManagerTests.swift in Sources */ = {isa = PBXBuildFile; fileRef = 32F31F1296ED7CCA1F086905 /* PostHogManagerTests.swift */; };
		35C19CF7E78AB40508707771 /* SupabaseManagerTests.swift in Sources */ = {isa = PBXBuildFile; fileRef = 4EB7B16803A6530423FEA873 /* SupabaseManagerTests.swift */; };
		35D84923D6388602EC39C440 /* TerrariumView.swift in Sources */ = {isa = PBXBuildFile; fileRef = 6ABCAC703C268BC9E527281D /* TerrariumView.swift */; };
		36450C5D27A7DD284BCCF8D6 /* GamificationManager.swift in Sources */ = {isa = PBXBuildFile; fileRef = F340CAB78931C951CAD0AF0F /* GamificationManager.swift */; };
		3873C8167F961708BCAA9928 /* MerianNetworkClientTests.swift in Sources */ = {isa = PBXBuildFile; fileRef = D2D1413110BD32486D838B1A /* MerianNetworkClientTests.swift */; };
		393390823BC93578441E9C0F /* DeviceIdentityManagerTests.swift in Sources */ = {isa = PBXBuildFile; fileRef = 19EF502A85B4E33CEEDC4A78 /* DeviceIdentityManagerTests.swift */; };
		3B0B4417F90F2CEAEE75E0FC /* ViewfinderIntelligence.swift in Sources */ = {isa = PBXBuildFile; fileRef = 119B433DC21B3CBB5FBEBDA4 /* ViewfinderIntelligence.swift */; };
		3BB9F3674C81A2A5B7F49823 /* CircuitBreakerManager.swift in Sources */ = {isa = PBXBuildFile; fileRef = 7B43669DE64C6C9CE86BA20D /* CircuitBreakerManager.swift */; };
		42256BF6A35600A8B6E21C9A /* RevenueCatManager.swift in Sources */ = {isa = PBXBuildFile; fileRef = 2F4EAD03252E289E9516AC28 /* RevenueCatManager.swift */; };
		448656F1135935AE41FD651A /* SpeciesData.swift in Sources */ = {isa = PBXBuildFile; fileRef = 5C776ECF75438F0BFF28C60D /* SpeciesData.swift */; };
		47A29D6514785E7ED58ED4A7 /* ViewfinderIntelligenceTests.swift in Sources */ = {isa = PBXBuildFile; fileRef = C45A4A13D898657D8E4EBF3C /* ViewfinderIntelligenceTests.swift */; };
		482EFC90FD03345F158B6FC8 /* LifeListSearchManagerTests.swift in Sources */ = {isa = PBXBuildFile; fileRef = 1F70DDF78992FA35E01B2A9E /* LifeListSearchManagerTests.swift */; };
		49E6A9D05F80A9632DB35B86 /* InsightCoreViews.swift in Sources */ = {isa = PBXBuildFile; fileRef = C4B2E635046D077A1AB022E4 /* InsightCoreViews.swift */; };
		4C1064DD5ACEEFF5027D3D15 /* NewDiscoveryCelebrationView.swift in Sources */ = {isa = PBXBuildFile; fileRef = EC81612C6DC27C79051E7DE5 /* NewDiscoveryCelebrationView.swift */; };
		4D44E3680C7B0A2827090B7C /* Supabase in Frameworks */ = {isa = PBXBuildFile; productRef = D6636FC58125D5F4C5ECEDDF /* Supabase */; };
		4D578150B5F525BD33B3F357 /* AppTelemetry.swift in Sources */ = {isa = PBXBuildFile; fileRef = 88223EB0D7692EBF3D713611 /* AppTelemetry.swift */; };
		50C0EB20117C47318FB5CA76 /* merianTests.swift in Sources */ = {isa = PBXBuildFile; fileRef = A33781A4087102CB18738303 /* merianTests.swift */; };
		50C62D39BB9CF90CD1FA0FE8 /* ImageCacheTests.swift in Sources */ = {isa = PBXBuildFile; fileRef = 3A310C2AC0758FEE43F5E7C3 /* ImageCacheTests.swift */; };
		54ACE915EB05B58A580403D7 /* CameraManager.swift in Sources */ = {isa = PBXBuildFile; fileRef = E4B3DD5F49376139EA14458E /* CameraManager.swift */; };
		58FA393F3971EAD8CE30DF73 /* BackgroundDatabaseActorTests.swift in Sources */ = {isa = PBXBuildFile; fileRef = E757DE9D38A53D5BFB80435B /* BackgroundDatabaseActorTests.swift */; };
		5B523A2C266BD1E37ADF55F1 /* ArchiveManager.swift in Sources */ = {isa = PBXBuildFile; fileRef = 126BD303A6C9253435264DEA /* ArchiveManager.swift */; };
		5F182159D37E8542DEC475EF /* SyncStateManager.swift in Sources */ = {isa = PBXBuildFile; fileRef = A8A3A30B7A77C26B982B5CDA /* SyncStateManager.swift */; };
		636FC2A87E6506B7889EBB19 /* HapticManagerTests.swift in Sources */ = {isa = PBXBuildFile; fileRef = D1D45E7DA9D9A12974FD515C /* HapticManagerTests.swift */; };
		642D8BF584E77058DF0BD037 /* Aliases.swift in Sources */ = {isa = PBXBuildFile; fileRef = FE003E7C60B8D9CA8F55C02E /* Aliases.swift */; };
		651915664083CD0B2CBD387A /* LifeListSearchManager.swift in Sources */ = {isa = PBXBuildFile; fileRef = 579A83D78DD01FBCE04DB724 /* LifeListSearchManager.swift */; };
		653576165C2B6ACE190F811B /* DeviceIdentityManager.swift in Sources */ = {isa = PBXBuildFile; fileRef = 21F87DC06ADD940406F7EE95 /* DeviceIdentityManager.swift */; };
		6596E5E59B63E356E75851C9 /* UserProfileStatsView.swift in Sources */ = {isa = PBXBuildFile; fileRef = F573214C46F401655D7D7F83 /* UserProfileStatsView.swift */; };
		688BD926B9F296F709458245 /* HardwareOrchestrator.swift in Sources */ = {isa = PBXBuildFile; fileRef = F4F7AD45FF06BC507AA5BBFD /* HardwareOrchestrator.swift */; };
		6F8A519B83E72CFFF47B83C5 /* SchemaVersions.swift in Sources */ = {isa = PBXBuildFile; fileRef = 2BDE7C1E0144DC475CB8DDF5 /* SchemaVersions.swift */; };
		7167258103BD53E6E9BF6D58 /* Assets.xcassets in Resources */ = {isa = PBXBuildFile; fileRef = 3EC0CD2961B5B50E5D1DA82A /* Assets.xcassets */; };
		71973E388CE20D34E61A57EF /* SpeciesDataTests.swift in Sources */ = {isa = PBXBuildFile; fileRef = B9045A590B6F5BFF4AC17B29 /* SpeciesDataTests.swift */; };
		72414E618C52C7EE8B39556E /* MerianWatch.app in Embed Watch Content */ = {isa = PBXBuildFile; fileRef = 0481771C41C383D2737DDEC7 /* MerianWatch.app */; settings = {ATTRIBUTES = (RemoveHeadersOnCopy, ); }; };
		74FB78DC817FC19EFECE4967 /* OfflineQueueManager.swift in Sources */ = {isa = PBXBuildFile; fileRef = BB91015F13F05435F222B92A /* OfflineQueueManager.swift */; };
		7611CA907F614D66A9BF6183 /* UserProfileAuthSection.swift in Sources */ = {isa = PBXBuildFile; fileRef = 9A7B25760E20F1E4A2404366 /* UserProfileAuthSection.swift */; };
		79E5E96B2DFF9D5D8F44D93F /* ScanSelectionSheetView.swift in Sources */ = {isa = PBXBuildFile; fileRef = 656A843C6D2C5E2779BD4DDE /* ScanSelectionSheetView.swift */; };
		7ABDAAF2DB8AF80C8BF560C6 /* SettingsView.swift in Sources */ = {isa = PBXBuildFile; fileRef = 7D4CAAF3D4FE46F6BD2B6759 /* SettingsView.swift */; };
		7AC97E8AB2C2FFDC53E80273 /* SupabaseManager.swift in Sources */ = {isa = PBXBuildFile; fileRef = 83F84A81FBB58DF8C63D7C16 /* SupabaseManager.swift */; };
		7BD95B2DD8A3489950F5DE7A /* MerianAppIntents.swift in Sources */ = {isa = PBXBuildFile; fileRef = ACD1CD4175445A49F1FC0C0E /* MerianAppIntents.swift */; };
		7BDC8F98B39E7A4BCF67E3E1 /* ImageCropperView.swift in Sources */ = {isa = PBXBuildFile; fileRef = 48550F6FC1645A6E4F98526F /* ImageCropperView.swift */; };
		7EB477D7F5E4F6F4AF8A4DF4 /* merianUITests.swift in Sources */ = {isa = PBXBuildFile; fileRef = 6B82BC3E7C3818F306100CE3 /* merianUITests.swift */; };
		80923B86E3B63DA5F4791FBC /* MerianWatchApp.swift in Sources */ = {isa = PBXBuildFile; fileRef = A8166641171629DC4E41B081 /* MerianWatchApp.swift */; };
		842E825C495021C3FA1D0511 /* UsageManager.swift in Sources */ = {isa = PBXBuildFile; fileRef = ADD501046796E3755EB3E424 /* UsageManager.swift */; };
		89143DCFA1EF1A9D5B72F894 /* SocialGuardManager.swift in Sources */ = {isa = PBXBuildFile; fileRef = 4E53EEAA4B495EBA59F7F561 /* SocialGuardManager.swift */; };
		8F4412047C0A6080466F396A /* CameraManagerTests.swift in Sources */ = {isa = PBXBuildFile; fileRef = 8F2DDA2AEC8C5744EEA83D6C /* CameraManagerTests.swift */; };
		8F655442A6D196335FD58F8B /* RevenueCat in Frameworks */ = {isa = PBXBuildFile; productRef = B4F36BE3B0243F44D0C1A93C /* RevenueCat */; };
		902259B948C4459876BA2BA8 /* GlassCircularButton.swift in Sources */ = {isa = PBXBuildFile; fileRef = 0A3959975290EB1FA78459D1 /* GlassCircularButton.swift */; };
		924A127D2E5CD9150CA372B1 /* SyncStateManagerTests.swift in Sources */ = {isa = PBXBuildFile; fileRef = E4A40B1F153A7BE2C2E7B2E0 /* SyncStateManagerTests.swift */; };
		9664363BC59C58EF6717049F /* RiveRuntime in Frameworks */ = {isa = PBXBuildFile; productRef = 8AF45E48D940462F64FF38E6 /* RiveRuntime */; };
		9763043AF1B67D26DD2F4F86 /* CircuitBreakerManagerTests.swift in Sources */ = {isa = PBXBuildFile; fileRef = B087E79658BAE6231DCF03D0 /* CircuitBreakerManagerTests.swift */; };
		9804BA17196570FD47EA5AAA /* ScanningOverlayView.swift in Sources */ = {isa = PBXBuildFile; fileRef = F14378CD2DE275C6BC849C02 /* ScanningOverlayView.swift */; };
		988F5087F8F1A1606364B9EC /* OfflineQueueManagerTests.swift in Sources */ = {isa = PBXBuildFile; fileRef = 1FCE111F1E884CC36C0F8E3A /* OfflineQueueManagerTests.swift */; };
		A00270831093276EA08B0747 /* HapticManager.swift in Sources */ = {isa = PBXBuildFile; fileRef = BB0AE39969F0604490ECB159 /* HapticManager.swift */; };
		A0B8B0996BA36D9EB98E38DE /* PhotoLibraryManager.swift in Sources */ = {isa = PBXBuildFile; fileRef = 27B0365792BC618A4C26EC9B /* PhotoLibraryManager.swift */; };
		A14AC8A8A3FB144C37B28259 /* CameraViewModel.swift in Sources */ = {isa = PBXBuildFile; fileRef = 05E36D699AA84FE7B1A328C2 /* CameraViewModel.swift */; };
		A4CBAC7802F4D1F84D2C8245 /* SocialGuardManagerTests.swift in Sources */ = {isa = PBXBuildFile; fileRef = 5EF82ACADA4304E828DA8E5F /* SocialGuardManagerTests.swift */; };
		A5781EA76CB470B8ED7D5A68 /* GoogleSignIn in Frameworks */ = {isa = PBXBuildFile; productRef = 02945D0A38D824A984B84430 /* GoogleSignIn */; };
		ADEEFF67C030A76F953BDB7B /* CollectionDetailView.swift in Sources */ = {isa = PBXBuildFile; fileRef = 9C1C3C9352409E7DF377C3FB /* CollectionDetailView.swift */; };
		B087D06DE6AAEE6A196DEE5F /* LaunchScreen.storyboard in Resources */ = {isa = PBXBuildFile; fileRef = B09EDBF5E76E53B8F4EFD5A2 /* LaunchScreen.storyboard */; };
		B20142A1AA7BCD429F17872C /* CameraViewModelTests.swift in Sources */ = {isa = PBXBuildFile; fileRef = C158DF6827E2B00607B458CD /* CameraViewModelTests.swift */; };
		B4DCFC6657BAF833E5C352E3 /* EnvironmentContextManagerTests.swift in Sources */ = {isa = PBXBuildFile; fileRef = 9CF4310C486E92D52A201511 /* EnvironmentContextManagerTests.swift */; };
		B4F4A6F22419994B39F81149 /* ImageDownsamplerTests.swift in Sources */ = {isa = PBXBuildFile; fileRef = E202754BAA0EEFC440DB0945 /* ImageDownsamplerTests.swift */; };
		B6500747C7FB0F4C686C7B5F /* ScanRepository.swift in Sources */ = {isa = PBXBuildFile; fileRef = E516841C0206ED7F97CB1EA0 /* ScanRepository.swift */; };
		BA29DD18B10689C6317D266A /* AppDIContainer.swift in Sources */ = {isa = PBXBuildFile; fileRef = 33FD2D0B0B8D49842926B1FC /* AppDIContainer.swift */; };
		BA2E9129689AEE128381DD40 /* CameraOverlayComponents.swift in Sources */ = {isa = PBXBuildFile; fileRef = 394EE3AEC83F819A5BF78D72 /* CameraOverlayComponents.swift */; };
		BA78C2C67BF6607B3B020F2B /* PostHogManager.swift in Sources */ = {isa = PBXBuildFile; fileRef = 490F6B0A61D227C143DAF028 /* PostHogManager.swift */; };
		C68E1DEEF4B031DA0C9F3E8C /* EnvironmentContextManager.swift in Sources */ = {isa = PBXBuildFile; fileRef = C4F8CF8494EA412A83EC42E3 /* EnvironmentContextManager.swift */; };
		C7AA31ECCE527E151CF6C39C /* TelemetryClient in Frameworks */ = {isa = PBXBuildFile; productRef = B41D79C304B7AE7C8A98F7A4 /* TelemetryClient */; };
		C8D09F59DF4D7AA09EBBF241 /* CameraPreviewView.swift in Sources */ = {isa = PBXBuildFile; fileRef = A7BE125AC1D8A0E00C907B7A /* CameraPreviewView.swift */; };
		CD5E67E9F522CCD9A29A1AAF /* VisualEffectBlur.swift in Sources */ = {isa = PBXBuildFile; fileRef = F06F78C2B5A5EBE711F7F338 /* VisualEffectBlur.swift */; };
		CE394152F5071221586CE196 /* PostHog in Frameworks */ = {isa = PBXBuildFile; productRef = A0635D9DFE936BD480B327EA /* PostHog */; };
		CF5FF69E1DD41C08D9AED13D /* AppTelemetryTests.swift in Sources */ = {isa = PBXBuildFile; fileRef = CF124E8F88CCF61F4F474368 /* AppTelemetryTests.swift */; };
		D04601386C3C540AC9E1A14C /* MerianApp.swift in Sources */ = {isa = PBXBuildFile; fileRef = 5D57A8D01CDAF8E994655620 /* MerianApp.swift */; };
		D2DF3C5C01E8FDBE6CC1CDBB /* ImageCache.swift in Sources */ = {isa = PBXBuildFile; fileRef = A270E569ECEE97C105C10EE3 /* ImageCache.swift */; };
		D386F2934CAA2D0522B075C6 /* InsightAuxiliaryViews.swift in Sources */ = {isa = PBXBuildFile; fileRef = 4794314B63B0BECFC07E2A7F /* InsightAuxiliaryViews.swift */; };
		D8B9C4BE62D3BCA14D89C047 /* RevenueCatManagerTests.swift in Sources */ = {isa = PBXBuildFile; fileRef = 94C0C6144D191EDB1B5BD513 /* RevenueCatManagerTests.swift */; };
		D96FD0AA92A656CCCFBBFCE0 /* HardwareOrchestratorTests.swift in Sources */ = {isa = PBXBuildFile; fileRef = A6FB6F37DCBD4D23D072D413 /* HardwareOrchestratorTests.swift */; };
		D99396DC7872BDACB76B1126 /* UserProfileHeaderView.swift in Sources */ = {isa = PBXBuildFile; fileRef = 2229E20CE3CD530B2133AE34 /* UserProfileHeaderView.swift */; };
		E003F76626092B2B2E4E947E /* CameraRootView.swift in Sources */ = {isa = PBXBuildFile; fileRef = 1F10E455F38CFB57D5351A3A /* CameraRootView.swift */; };
		E5DE9BAD62A65EE0CA0A500D /* CameraNavigationBarOverlay.swift in Sources */ = {isa = PBXBuildFile; fileRef = F3CA0C0E651DB70B36789535 /* CameraNavigationBarOverlay.swift */; };
		E8C3697BDE8BF44A272739F7 /* PhotoLibraryManagerTests.swift in Sources */ = {isa = PBXBuildFile; fileRef = B6F185F0F653451ECA9FA3BD /* PhotoLibraryManagerTests.swift */; };
		EC41AF6017872C5A3172EB72 /* merianUITestsLaunchTests.swift in Sources */ = {isa = PBXBuildFile; fileRef = 466CB07B954EACA10D496F15 /* merianUITestsLaunchTests.swift */; };
		EEF864446094E9A6A5D15412 /* GamificationManagerTests.swift in Sources */ = {isa = PBXBuildFile; fileRef = A6EEFF7324FFB3D3F9221113 /* GamificationManagerTests.swift */; };
		F15750F8E84D7F19C8DCC6A0 /* UserProfileView.swift in Sources */ = {isa = PBXBuildFile; fileRef = 83502938D4E198368D26B749 /* UserProfileView.swift */; };
		F366496097CBC48873E991A4 /* MerianNetworkClient.swift in Sources */ = {isa = PBXBuildFile; fileRef = 0C6607CB16EDD46A55A81A3F /* MerianNetworkClient.swift */; };
/* End PBXBuildFile section */

/* Begin PBXContainerItemProxy section */
		42C1E8442B54EF52ECADAD30 /* PBXContainerItemProxy */ = {
			isa = PBXContainerItemProxy;
			containerPortal = C2202C8EFE32EB682F84E931 /* Project object */;
			proxyType = 1;
			remoteGlobalIDString = D06FD3E9CDCF533A0C2D2843;
			remoteInfo = Merian;
		};
		57CA45A0CA6171010ACC3EBA /* PBXContainerItemProxy */ = {
			isa = PBXContainerItemProxy;
			containerPortal = C2202C8EFE32EB682F84E931 /* Project object */;
			proxyType = 1;
			remoteGlobalIDString = E59BC2C6A28D64E9B810676B;
			remoteInfo = MerianWatch;
		};
		69CEC25703C4F638CED96A71 /* PBXContainerItemProxy */ = {
			isa = PBXContainerItemProxy;
			containerPortal = C2202C8EFE32EB682F84E931 /* Project object */;
			proxyType = 1;
			remoteGlobalIDString = D06FD3E9CDCF533A0C2D2843;
			remoteInfo = Merian;
		};
/* End PBXContainerItemProxy section */

/* Begin PBXCopyFilesBuildPhase section */
		BD2DB57784E75CA81D57CF89 /* Embed Watch Content */ = {
			isa = PBXCopyFilesBuildPhase;
			buildActionMask = 2147483647;
			dstPath = "$(CONTENTS_FOLDER_PATH)/Watch";
			dstSubfolderSpec = 16;
			files = (
				72414E618C52C7EE8B39556E /* MerianWatch.app in Embed Watch Content */,
			);
			name = "Embed Watch Content";
			runOnlyForDeploymentPostprocessing = 0;
		};
/* End PBXCopyFilesBuildPhase section */

/* Begin PBXFileReference section */
		0481771C41C383D2737DDEC7 /* MerianWatch.app */ = {isa = PBXFileReference; explicitFileType = wrapper.application; includeInIndex = 0; path = MerianWatch.app; sourceTree = BUILT_PRODUCTS_DIR; };
		05E36D699AA84FE7B1A328C2 /* CameraViewModel.swift */ = {isa = PBXFileReference; lastKnownFileType = sourcecode.swift; path = CameraViewModel.swift; sourceTree = "<group>"; };
		06F4DD900A62CD599482A033 /* SaveToCollectionSheetView.swift */ = {isa = PBXFileReference; lastKnownFileType = sourcecode.swift; path = SaveToCollectionSheetView.swift; sourceTree = "<group>"; };
		0A3959975290EB1FA78459D1 /* GlassCircularButton.swift */ = {isa = PBXFileReference; lastKnownFileType = sourcecode.swift; path = GlassCircularButton.swift; sourceTree = "<group>"; };
		0C6607CB16EDD46A55A81A3F /* MerianNetworkClient.swift */ = {isa = PBXFileReference; lastKnownFileType = sourcecode.swift; path = MerianNetworkClient.swift; sourceTree = "<group>"; };
		1044C34325AE2EFB4EC21358 /* InferenceEngine.swift */ = {isa = PBXFileReference; lastKnownFileType = sourcecode.swift; path = InferenceEngine.swift; sourceTree = "<group>"; };
		119B433DC21B3CBB5FBEBDA4 /* ViewfinderIntelligence.swift */ = {isa = PBXFileReference; lastKnownFileType = sourcecode.swift; path = ViewfinderIntelligence.swift; sourceTree = "<group>"; };
		126BD303A6C9253435264DEA /* ArchiveManager.swift */ = {isa = PBXFileReference; lastKnownFileType = sourcecode.swift; path = ArchiveManager.swift; sourceTree = "<group>"; };
		161EAAB217364EB7BA813812 /* UsageManagerTests.swift */ = {isa = PBXFileReference; lastKnownFileType = sourcecode.swift; path = UsageManagerTests.swift; sourceTree = "<group>"; };
		19EF502A85B4E33CEEDC4A78 /* DeviceIdentityManagerTests.swift */ = {isa = PBXFileReference; lastKnownFileType = sourcecode.swift; path = DeviceIdentityManagerTests.swift; sourceTree = "<group>"; };
		1BED795DDD156C8FE18D565B /* InferenceEngineTests.swift */ = {isa = PBXFileReference; lastKnownFileType = sourcecode.swift; path = InferenceEngineTests.swift; sourceTree = "<group>"; };
		1F10E455F38CFB57D5351A3A /* CameraRootView.swift */ = {isa = PBXFileReference; lastKnownFileType = sourcecode.swift; path = CameraRootView.swift; sourceTree = "<group>"; };
		1F70DDF78992FA35E01B2A9E /* LifeListSearchManagerTests.swift */ = {isa = PBXFileReference; lastKnownFileType = sourcecode.swift; path = LifeListSearchManagerTests.swift; sourceTree = "<group>"; };
		1FCE111F1E884CC36C0F8E3A /* OfflineQueueManagerTests.swift */ = {isa = PBXFileReference; lastKnownFileType = sourcecode.swift; path = OfflineQueueManagerTests.swift; sourceTree = "<group>"; };
		21F87DC06ADD940406F7EE95 /* DeviceIdentityManager.swift */ = {isa = PBXFileReference; lastKnownFileType = sourcecode.swift; path = DeviceIdentityManager.swift; sourceTree = "<group>"; };
		2229E20CE3CD530B2133AE34 /* UserProfileHeaderView.swift */ = {isa = PBXFileReference; lastKnownFileType = sourcecode.swift; path = UserProfileHeaderView.swift; sourceTree = "<group>"; };
		27B0365792BC618A4C26EC9B /* PhotoLibraryManager.swift */ = {isa = PBXFileReference; lastKnownFileType = sourcecode.swift; path = PhotoLibraryManager.swift; sourceTree = "<group>"; };
		2BDE7C1E0144DC475CB8DDF5 /* SchemaVersions.swift */ = {isa = PBXFileReference; lastKnownFileType = sourcecode.swift; path = SchemaVersions.swift; sourceTree = "<group>"; };
		2F4EAD03252E289E9516AC28 /* RevenueCatManager.swift */ = {isa = PBXFileReference; lastKnownFileType = sourcecode.swift; path = RevenueCatManager.swift; sourceTree = "<group>"; };
		32F31F1296ED7CCA1F086905 /* PostHogManagerTests.swift */ = {isa = PBXFileReference; lastKnownFileType = sourcecode.swift; path = PostHogManagerTests.swift; sourceTree = "<group>"; };
		33FD2D0B0B8D49842926B1FC /* AppDIContainer.swift */ = {isa = PBXFileReference; lastKnownFileType = sourcecode.swift; path = AppDIContainer.swift; sourceTree = "<group>"; };
		394EE3AEC83F819A5BF78D72 /* CameraOverlayComponents.swift */ = {isa = PBXFileReference; lastKnownFileType = sourcecode.swift; path = CameraOverlayComponents.swift; sourceTree = "<group>"; };
		3A310C2AC0758FEE43F5E7C3 /* ImageCacheTests.swift */ = {isa = PBXFileReference; lastKnownFileType = sourcecode.swift; path = ImageCacheTests.swift; sourceTree = "<group>"; };
		3EC0CD2961B5B50E5D1DA82A /* Assets.xcassets */ = {isa = PBXFileReference; lastKnownFileType = folder.assetcatalog; path = Assets.xcassets; sourceTree = "<group>"; };
		4314F53DEDFEA506237AA41B /* FlagIssueView.swift */ = {isa = PBXFileReference; lastKnownFileType = sourcecode.swift; path = FlagIssueView.swift; sourceTree = "<group>"; };
		466CB07B954EACA10D496F15 /* merianUITestsLaunchTests.swift */ = {isa = PBXFileReference; lastKnownFileType = sourcecode.swift; path = merianUITestsLaunchTests.swift; sourceTree = "<group>"; };
		4794314B63B0BECFC07E2A7F /* InsightAuxiliaryViews.swift */ = {isa = PBXFileReference; lastKnownFileType = sourcecode.swift; path = InsightAuxiliaryViews.swift; sourceTree = "<group>"; };
		48550F6FC1645A6E4F98526F /* ImageCropperView.swift */ = {isa = PBXFileReference; lastKnownFileType = sourcecode.swift; path = ImageCropperView.swift; sourceTree = "<group>"; };
		490F6B0A61D227C143DAF028 /* PostHogManager.swift */ = {isa = PBXFileReference; lastKnownFileType = sourcecode.swift; path = PostHogManager.swift; sourceTree = "<group>"; };
		4E53EEAA4B495EBA59F7F561 /* SocialGuardManager.swift */ = {isa = PBXFileReference; lastKnownFileType = sourcecode.swift; path = SocialGuardManager.swift; sourceTree = "<group>"; };
		4EB7B16803A6530423FEA873 /* SupabaseManagerTests.swift */ = {isa = PBXFileReference; lastKnownFileType = sourcecode.swift; path = SupabaseManagerTests.swift; sourceTree = "<group>"; };
		56646D3809FACA0E32E3BE2D /* PaywallView.swift */ = {isa = PBXFileReference; lastKnownFileType = sourcecode.swift; path = PaywallView.swift; sourceTree = "<group>"; };
		579A83D78DD01FBCE04DB724 /* LifeListSearchManager.swift */ = {isa = PBXFileReference; lastKnownFileType = sourcecode.swift; path = LifeListSearchManager.swift; sourceTree = "<group>"; };
		595E6381B45FC4DAA8014A89 /* Merian.app */ = {isa = PBXFileReference; explicitFileType = wrapper.application; includeInIndex = 0; path = Merian.app; sourceTree = BUILT_PRODUCTS_DIR; };
		5BA68CD91E356116156D2061 /* Info.plist */ = {isa = PBXFileReference; lastKnownFileType = text.plist; path = Info.plist; sourceTree = "<group>"; };
		5C776ECF75438F0BFF28C60D /* SpeciesData.swift */ = {isa = PBXFileReference; lastKnownFileType = sourcecode.swift; path = SpeciesData.swift; sourceTree = "<group>"; };
		5D57A8D01CDAF8E994655620 /* MerianApp.swift */ = {isa = PBXFileReference; lastKnownFileType = sourcecode.swift; path = MerianApp.swift; sourceTree = "<group>"; };
		5EF82ACADA4304E828DA8E5F /* SocialGuardManagerTests.swift */ = {isa = PBXFileReference; lastKnownFileType = sourcecode.swift; path = SocialGuardManagerTests.swift; sourceTree = "<group>"; };
		656A843C6D2C5E2779BD4DDE /* ScanSelectionSheetView.swift */ = {isa = PBXFileReference; lastKnownFileType = sourcecode.swift; path = ScanSelectionSheetView.swift; sourceTree = "<group>"; };
		6AACE13704334DE8F9427412 /* InsightSheetView.swift */ = {isa = PBXFileReference; lastKnownFileType = sourcecode.swift; path = InsightSheetView.swift; sourceTree = "<group>"; };
		6ABCAC703C268BC9E527281D /* TerrariumView.swift */ = {isa = PBXFileReference; lastKnownFileType = sourcecode.swift; path = TerrariumView.swift; sourceTree = "<group>"; };
		6B82BC3E7C3818F306100CE3 /* merianUITests.swift */ = {isa = PBXFileReference; lastKnownFileType = sourcecode.swift; path = merianUITests.swift; sourceTree = "<group>"; };
		72B6122F2DCEB5D8D727A05E /* ArchiveManagerTests.swift */ = {isa = PBXFileReference; lastKnownFileType = sourcecode.swift; path = ArchiveManagerTests.swift; sourceTree = "<group>"; };
		7A49C9ED18B1015B36EB9C2F /* MerianEnvironment.swift */ = {isa = PBXFileReference; lastKnownFileType = sourcecode.swift; path = MerianEnvironment.swift; sourceTree = "<group>"; };
		7B43669DE64C6C9CE86BA20D /* CircuitBreakerManager.swift */ = {isa = PBXFileReference; lastKnownFileType = sourcecode.swift; path = CircuitBreakerManager.swift; sourceTree = "<group>"; };
		7D4CAAF3D4FE46F6BD2B6759 /* SettingsView.swift */ = {isa = PBXFileReference; lastKnownFileType = sourcecode.swift; path = SettingsView.swift; sourceTree = "<group>"; };
		83502938D4E198368D26B749 /* UserProfileView.swift */ = {isa = PBXFileReference; lastKnownFileType = sourcecode.swift; path = UserProfileView.swift; sourceTree = "<group>"; };
		83F84A81FBB58DF8C63D7C16 /* SupabaseManager.swift */ = {isa = PBXFileReference; lastKnownFileType = sourcecode.swift; path = SupabaseManager.swift; sourceTree = "<group>"; };
		88223EB0D7692EBF3D713611 /* AppTelemetry.swift */ = {isa = PBXFileReference; lastKnownFileType = sourcecode.swift; path = AppTelemetry.swift; sourceTree = "<group>"; };
		8E1A5A4F88C1B623CFF5B25F /* WatchAcousticManager.swift */ = {isa = PBXFileReference; lastKnownFileType = sourcecode.swift; path = WatchAcousticManager.swift; sourceTree = "<group>"; };
		8F2DDA2AEC8C5744EEA83D6C /* CameraManagerTests.swift */ = {isa = PBXFileReference; lastKnownFileType = sourcecode.swift; path = CameraManagerTests.swift; sourceTree = "<group>"; };
		94C0C6144D191EDB1B5BD513 /* RevenueCatManagerTests.swift */ = {isa = PBXFileReference; lastKnownFileType = sourcecode.swift; path = RevenueCatManagerTests.swift; sourceTree = "<group>"; };
		9A7B25760E20F1E4A2404366 /* UserProfileAuthSection.swift */ = {isa = PBXFileReference; lastKnownFileType = sourcecode.swift; path = UserProfileAuthSection.swift; sourceTree = "<group>"; };
		9C1C3C9352409E7DF377C3FB /* CollectionDetailView.swift */ = {isa = PBXFileReference; lastKnownFileType = sourcecode.swift; path = CollectionDetailView.swift; sourceTree = "<group>"; };
		9CF4310C486E92D52A201511 /* EnvironmentContextManagerTests.swift */ = {isa = PBXFileReference; lastKnownFileType = sourcecode.swift; path = EnvironmentContextManagerTests.swift; sourceTree = "<group>"; };
		A270E569ECEE97C105C10EE3 /* ImageCache.swift */ = {isa = PBXFileReference; lastKnownFileType = sourcecode.swift; path = ImageCache.swift; sourceTree = "<group>"; };
		A33781A4087102CB18738303 /* merianTests.swift */ = {isa = PBXFileReference; lastKnownFileType = sourcecode.swift; path = merianTests.swift; sourceTree = "<group>"; };
		A6EEFF7324FFB3D3F9221113 /* GamificationManagerTests.swift */ = {isa = PBXFileReference; lastKnownFileType = sourcecode.swift; path = GamificationManagerTests.swift; sourceTree = "<group>"; };
		A6FB6F37DCBD4D23D072D413 /* HardwareOrchestratorTests.swift */ = {isa = PBXFileReference; lastKnownFileType = sourcecode.swift; path = HardwareOrchestratorTests.swift; sourceTree = "<group>"; };
		A7BE125AC1D8A0E00C907B7A /* CameraPreviewView.swift */ = {isa = PBXFileReference; lastKnownFileType = sourcecode.swift; path = CameraPreviewView.swift; sourceTree = "<group>"; };
		A8166641171629DC4E41B081 /* MerianWatchApp.swift */ = {isa = PBXFileReference; lastKnownFileType = sourcecode.swift; path = MerianWatchApp.swift; sourceTree = "<group>"; };
		A8A3A30B7A77C26B982B5CDA /* SyncStateManager.swift */ = {isa = PBXFileReference; lastKnownFileType = sourcecode.swift; path = SyncStateManager.swift; sourceTree = "<group>"; };
		ACD1CD4175445A49F1FC0C0E /* MerianAppIntents.swift */ = {isa = PBXFileReference; lastKnownFileType = sourcecode.swift; path = MerianAppIntents.swift; sourceTree = "<group>"; };
		ADD501046796E3755EB3E424 /* UsageManager.swift */ = {isa = PBXFileReference; lastKnownFileType = sourcecode.swift; path = UsageManager.swift; sourceTree = "<group>"; };
		B03EAD808B1F5D84E75D030C /* Config.xcconfig */ = {isa = PBXFileReference; lastKnownFileType = text.xcconfig; path = Config.xcconfig; sourceTree = "<group>"; };
		B087E79658BAE6231DCF03D0 /* CircuitBreakerManagerTests.swift */ = {isa = PBXFileReference; lastKnownFileType = sourcecode.swift; path = CircuitBreakerManagerTests.swift; sourceTree = "<group>"; };
		B09EDBF5E76E53B8F4EFD5A2 /* LaunchScreen.storyboard */ = {isa = PBXFileReference; lastKnownFileType = file.storyboard; path = LaunchScreen.storyboard; sourceTree = "<group>"; };
		B6F185F0F653451ECA9FA3BD /* PhotoLibraryManagerTests.swift */ = {isa = PBXFileReference; lastKnownFileType = sourcecode.swift; path = PhotoLibraryManagerTests.swift; sourceTree = "<group>"; };
		B9045A590B6F5BFF4AC17B29 /* SpeciesDataTests.swift */ = {isa = PBXFileReference; lastKnownFileType = sourcecode.swift; path = SpeciesDataTests.swift; sourceTree = "<group>"; };
		BB0AE39969F0604490ECB159 /* HapticManager.swift */ = {isa = PBXFileReference; lastKnownFileType = sourcecode.swift; path = HapticManager.swift; sourceTree = "<group>"; };
		BB91015F13F05435F222B92A /* OfflineQueueManager.swift */ = {isa = PBXFileReference; lastKnownFileType = sourcecode.swift; path = OfflineQueueManager.swift; sourceTree = "<group>"; };
		BF6016D928A11551039654D0 /* Assets.xcassets */ = {isa = PBXFileReference; lastKnownFileType = folder.assetcatalog; path = Assets.xcassets; sourceTree = "<group>"; };
		C158DF6827E2B00607B458CD /* CameraViewModelTests.swift */ = {isa = PBXFileReference; lastKnownFileType = sourcecode.swift; path = CameraViewModelTests.swift; sourceTree = "<group>"; };
		C45A4A13D898657D8E4EBF3C /* ViewfinderIntelligenceTests.swift */ = {isa = PBXFileReference; lastKnownFileType = sourcecode.swift; path = ViewfinderIntelligenceTests.swift; sourceTree = "<group>"; };
		C4B2E635046D077A1AB022E4 /* InsightCoreViews.swift */ = {isa = PBXFileReference; lastKnownFileType = sourcecode.swift; path = InsightCoreViews.swift; sourceTree = "<group>"; };
		C4F8CF8494EA412A83EC42E3 /* EnvironmentContextManager.swift */ = {isa = PBXFileReference; lastKnownFileType = sourcecode.swift; path = EnvironmentContextManager.swift; sourceTree = "<group>"; };
		C899083064B4AD64E50A8999 /* DiagnosticComparisonView.swift */ = {isa = PBXFileReference; lastKnownFileType = sourcecode.swift; path = DiagnosticComparisonView.swift; sourceTree = "<group>"; };
		CF124E8F88CCF61F4F474368 /* AppTelemetryTests.swift */ = {isa = PBXFileReference; lastKnownFileType = sourcecode.swift; path = AppTelemetryTests.swift; sourceTree = "<group>"; };
		D1D45E7DA9D9A12974FD515C /* HapticManagerTests.swift */ = {isa = PBXFileReference; lastKnownFileType = sourcecode.swift; path = HapticManagerTests.swift; sourceTree = "<group>"; };
		D2D1413110BD32486D838B1A /* MerianNetworkClientTests.swift */ = {isa = PBXFileReference; lastKnownFileType = sourcecode.swift; path = MerianNetworkClientTests.swift; sourceTree = "<group>"; };
		D2E5C836927FEDB08630D2CC /* Merian.entitlements */ = {isa = PBXFileReference; lastKnownFileType = text.plist.entitlements; path = Merian.entitlements; sourceTree = "<group>"; };
		D9741C90901A3F830B6B1869 /* merianTests.xctest */ = {isa = PBXFileReference; includeInIndex = 0; lastKnownFileType = wrapper.cfbundle; path = merianTests.xctest; sourceTree = BUILT_PRODUCTS_DIR; };
		DE397C54CDB94A4EFBF5FC92 /* ImageDownsampler.swift */ = {isa = PBXFileReference; lastKnownFileType = sourcecode.swift; path = ImageDownsampler.swift; sourceTree = "<group>"; };
		E202754BAA0EEFC440DB0945 /* ImageDownsamplerTests.swift */ = {isa = PBXFileReference; lastKnownFileType = sourcecode.swift; path = ImageDownsamplerTests.swift; sourceTree = "<group>"; };
		E4A40B1F153A7BE2C2E7B2E0 /* SyncStateManagerTests.swift */ = {isa = PBXFileReference; lastKnownFileType = sourcecode.swift; path = SyncStateManagerTests.swift; sourceTree = "<group>"; };
		E4B3DD5F49376139EA14458E /* CameraManager.swift */ = {isa = PBXFileReference; lastKnownFileType = sourcecode.swift; path = CameraManager.swift; sourceTree = "<group>"; };
		E516841C0206ED7F97CB1EA0 /* ScanRepository.swift */ = {isa = PBXFileReference; lastKnownFileType = sourcecode.swift; path = ScanRepository.swift; sourceTree = "<group>"; };
		E757DE9D38A53D5BFB80435B /* BackgroundDatabaseActorTests.swift */ = {isa = PBXFileReference; lastKnownFileType = sourcecode.swift; path = BackgroundDatabaseActorTests.swift; sourceTree = "<group>"; };
		EB63682C61190F71EFFC9C18 /* ScanRepositoryTests.swift */ = {isa = PBXFileReference; lastKnownFileType = sourcecode.swift; path = ScanRepositoryTests.swift; sourceTree = "<group>"; };
		EC81612C6DC27C79051E7DE5 /* NewDiscoveryCelebrationView.swift */ = {isa = PBXFileReference; lastKnownFileType = sourcecode.swift; path = NewDiscoveryCelebrationView.swift; sourceTree = "<group>"; };
		F06F78C2B5A5EBE711F7F338 /* VisualEffectBlur.swift */ = {isa = PBXFileReference; lastKnownFileType = sourcecode.swift; path = VisualEffectBlur.swift; sourceTree = "<group>"; };
		F14378CD2DE275C6BC849C02 /* ScanningOverlayView.swift */ = {isa = PBXFileReference; lastKnownFileType = sourcecode.swift; path = ScanningOverlayView.swift; sourceTree = "<group>"; };
		F340CAB78931C951CAD0AF0F /* GamificationManager.swift */ = {isa = PBXFileReference; lastKnownFileType = sourcecode.swift; path = GamificationManager.swift; sourceTree = "<group>"; };
		F3CA0C0E651DB70B36789535 /* CameraNavigationBarOverlay.swift */ = {isa = PBXFileReference; lastKnownFileType = sourcecode.swift; path = CameraNavigationBarOverlay.swift; sourceTree = "<group>"; };
		F4F7AD45FF06BC507AA5BBFD /* HardwareOrchestrator.swift */ = {isa = PBXFileReference; lastKnownFileType = sourcecode.swift; path = HardwareOrchestrator.swift; sourceTree = "<group>"; };
		F57079A8F64D6E84B4C47409 /* merianUITests.xctest */ = {isa = PBXFileReference; includeInIndex = 0; lastKnownFileType = wrapper.cfbundle; path = merianUITests.xctest; sourceTree = BUILT_PRODUCTS_DIR; };
		F573214C46F401655D7D7F83 /* UserProfileStatsView.swift */ = {isa = PBXFileReference; lastKnownFileType = sourcecode.swift; path = UserProfileStatsView.swift; sourceTree = "<group>"; };
		FE003E7C60B8D9CA8F55C02E /* Aliases.swift */ = {isa = PBXFileReference; lastKnownFileType = sourcecode.swift; path = Aliases.swift; sourceTree = "<group>"; };
/* End PBXFileReference section */

/* Begin PBXFrameworksBuildPhase section */
		21CC6ACD2ED3E29E2FC749EF /* Frameworks */ = {
			isa = PBXFrameworksBuildPhase;
			buildActionMask = 2147483647;
			files = (
				8F655442A6D196335FD58F8B /* RevenueCat in Frameworks */,
				CE394152F5071221586CE196 /* PostHog in Frameworks */,
				4D44E3680C7B0A2827090B7C /* Supabase in Frameworks */,
				C7AA31ECCE527E151CF6C39C /* TelemetryClient in Frameworks */,
				9664363BC59C58EF6717049F /* RiveRuntime in Frameworks */,
				A5781EA76CB470B8ED7D5A68 /* GoogleSignIn in Frameworks */,
			);
			runOnlyForDeploymentPostprocessing = 0;
		};
/* End PBXFrameworksBuildPhase section */

/* Begin PBXGroup section */
		048ECCB88D3C834C4104B28C /* merianTests */ = {
			isa = PBXGroup;
			children = (
				A33781A4087102CB18738303 /* merianTests.swift */,
				962877355A0EFD850F0E660D /* Core */,
				6A6CA7F63D563E4AC5686879 /* Features */,
				E62A24F7B0318696D18D90E5 /* Models */,
			);
			path = merianTests;
			sourceTree = "<group>";
		};
		077EC84613050955ABAE9F5D /* Profile */ = {
			isa = PBXGroup;
			children = (
				56646D3809FACA0E32E3BE2D /* PaywallView.swift */,
				6ABCAC703C268BC9E527281D /* TerrariumView.swift */,
				9A7B25760E20F1E4A2404366 /* UserProfileAuthSection.swift */,
				2229E20CE3CD530B2133AE34 /* UserProfileHeaderView.swift */,
				F573214C46F401655D7D7F83 /* UserProfileStatsView.swift */,
				83502938D4E198368D26B749 /* UserProfileView.swift */,
			);
			path = Profile;
			sourceTree = "<group>";
		};
		16D0F6585AFA9597D5C49E78 /* Security */ = {
			isa = PBXGroup;
			children = (
				B087E79658BAE6231DCF03D0 /* CircuitBreakerManagerTests.swift */,
				19EF502A85B4E33CEEDC4A78 /* DeviceIdentityManagerTests.swift */,
				94C0C6144D191EDB1B5BD513 /* RevenueCatManagerTests.swift */,
				5EF82ACADA4304E828DA8E5F /* SocialGuardManagerTests.swift */,
			);
			path = Security;
			sourceTree = "<group>";
		};
		1C0D3C9DA71DBF5B6BAB72BB /* merianUITests */ = {
			isa = PBXGroup;
			children = (
				6B82BC3E7C3818F306100CE3 /* merianUITests.swift */,
				466CB07B954EACA10D496F15 /* merianUITestsLaunchTests.swift */,
			);
			path = merianUITests;
			sourceTree = "<group>";
		};
		1E65F009B2E6976AEB1DD394 /* Network */ = {
			isa = PBXGroup;
			children = (
				0C6607CB16EDD46A55A81A3F /* MerianNetworkClient.swift */,
				83F84A81FBB58DF8C63D7C16 /* SupabaseManager.swift */,
			);
			path = Network;
			sourceTree = "<group>";
		};
		252C908EEF5CE0402EDC8161 /* AI */ = {
			isa = PBXGroup;
			children = (
				1BED795DDD156C8FE18D565B /* InferenceEngineTests.swift */,
				C45A4A13D898657D8E4EBF3C /* ViewfinderIntelligenceTests.swift */,
			);
			path = AI;
			sourceTree = "<group>";
		};
		269C3AA4A604AC73E72136AD /* Core */ = {
			isa = PBXGroup;
			children = (
				33FD2D0B0B8D49842926B1FC /* AppDIContainer.swift */,
				42D8AE3228233E4A115BF039 /* AI */,
				41E4FF470E68C95905CF716D /* Analytics */,
				EA3720CA02318804855EEE61 /* Data */,
				D01BC121DFAEF5DE572C7632 /* Hardware */,
				91AA37902EE8C2D1E9E36E07 /* Intents */,
				1E65F009B2E6976AEB1DD394 /* Network */,
				DB5DDDF29C591369BA99ED3C /* Security */,
				CB05DD5AA2CA841A862BA19C /* Utilities */,
			);
			path = Core;
			sourceTree = "<group>";
		};
		30B4C283E9A5DA47E28D1A71 /* Configuration */ = {
			isa = PBXGroup;
			children = (
				5BA68CD91E356116156D2061 /* Info.plist */,
				D2E5C836927FEDB08630D2CC /* Merian.entitlements */,
				7A49C9ED18B1015B36EB9C2F /* MerianEnvironment.swift */,
			);
			path = Configuration;
			sourceTree = "<group>";
		};
		3654B30A1BB87FCCDFDC1634 /* Settings */ = {
			isa = PBXGroup;
			children = (
				7D4CAAF3D4FE46F6BD2B6759 /* SettingsView.swift */,
			);
			path = Settings;
			sourceTree = "<group>";
		};
		41E4FF470E68C95905CF716D /* Analytics */ = {
			isa = PBXGroup;
			children = (
				88223EB0D7692EBF3D713611 /* AppTelemetry.swift */,
				F340CAB78931C951CAD0AF0F /* GamificationManager.swift */,
				490F6B0A61D227C143DAF028 /* PostHogManager.swift */,
				ADD501046796E3755EB3E424 /* UsageManager.swift */,
			);
			path = Analytics;
			sourceTree = "<group>";
		};
		42D8AE3228233E4A115BF039 /* AI */ = {
			isa = PBXGroup;
			children = (
				1044C34325AE2EFB4EC21358 /* InferenceEngine.swift */,
				119B433DC21B3CBB5FBEBDA4 /* ViewfinderIntelligence.swift */,
			);
			path = AI;
			sourceTree = "<group>";
		};
		43788D0ED2F865E69A83AE35 /* App */ = {
			isa = PBXGroup;
			children = (
				B09EDBF5E76E53B8F4EFD5A2 /* LaunchScreen.storyboard */,
				5D57A8D01CDAF8E994655620 /* MerianApp.swift */,
			);
			path = App;
			sourceTree = "<group>";
		};
		44DB7BF0A78CC3B1C5104162 /* Features */ = {
			isa = PBXGroup;
			children = (
				CCEEE4E885E37B07D9BE72E0 /* Camera */,
				70A70BA03149E4014E07F551 /* Insights */,
				D52AA644CD1FC738E78E0773 /* LifeList */,
				077EC84613050955ABAE9F5D /* Profile */,
				3654B30A1BB87FCCDFDC1634 /* Settings */,
			);
			path = Features;
			sourceTree = "<group>";
		};
		4614202F6465E0F5BE4F99BA /* merian */ = {
			isa = PBXGroup;
			children = (
				B03EAD808B1F5D84E75D030C /* Config.xcconfig */,
			);
			name = merian;
			path = .;
			sourceTree = "<group>";
		};
		5C7CA735E2AFD8A11B0AEBBD /* Analytics */ = {
			isa = PBXGroup;
			children = (
				CF124E8F88CCF61F4F474368 /* AppTelemetryTests.swift */,
				A6EEFF7324FFB3D3F9221113 /* GamificationManagerTests.swift */,
				32F31F1296ED7CCA1F086905 /* PostHogManagerTests.swift */,
				161EAAB217364EB7BA813812 /* UsageManagerTests.swift */,
			);
			path = Analytics;
			sourceTree = "<group>";
		};
		66A513CA4D2B42FA7FC22A07 /* Network */ = {
			isa = PBXGroup;
			children = (
				D2D1413110BD32486D838B1A /* MerianNetworkClientTests.swift */,
				4EB7B16803A6530423FEA873 /* SupabaseManagerTests.swift */,
			);
			path = Network;
			sourceTree = "<group>";
		};
		69DB22A5D98BE7EFE52BFD46 /* Data */ = {
			isa = PBXGroup;
			children = (
				72B6122F2DCEB5D8D727A05E /* ArchiveManagerTests.swift */,
				E757DE9D38A53D5BFB80435B /* BackgroundDatabaseActorTests.swift */,
				3A310C2AC0758FEE43F5E7C3 /* ImageCacheTests.swift */,
				1FCE111F1E884CC36C0F8E3A /* OfflineQueueManagerTests.swift */,
				B6F185F0F653451ECA9FA3BD /* PhotoLibraryManagerTests.swift */,
				EB63682C61190F71EFFC9C18 /* ScanRepositoryTests.swift */,
				E4A40B1F153A7BE2C2E7B2E0 /* SyncStateManagerTests.swift */,
			);
			path = Data;
			sourceTree = "<group>";
		};
		6A6CA7F63D563E4AC5686879 /* Features */ = {
			isa = PBXGroup;
			children = (
				AD5A4EBA2FFAB511F3799D90 /* Camera */,
				ADCB52429F79825373D67C3E /* LifeList */,
			);
			path = Features;
			sourceTree = "<group>";
		};
		70A70BA03149E4014E07F551 /* Insights */ = {
			isa = PBXGroup;
			children = (
				C899083064B4AD64E50A8999 /* DiagnosticComparisonView.swift */,
				4314F53DEDFEA506237AA41B /* FlagIssueView.swift */,
				6AACE13704334DE8F9427412 /* InsightSheetView.swift */,
				CA7F3904BA990088DB7AD4A8 /* Components */,
			);
			path = Insights;
			sourceTree = "<group>";
		};
		90CCEEA862C84A1F4EBE8748 /* Hardware */ = {
			isa = PBXGroup;
			children = (
				8F2DDA2AEC8C5744EEA83D6C /* CameraManagerTests.swift */,
				9CF4310C486E92D52A201511 /* EnvironmentContextManagerTests.swift */,
				D1D45E7DA9D9A12974FD515C /* HapticManagerTests.swift */,
				A6FB6F37DCBD4D23D072D413 /* HardwareOrchestratorTests.swift */,
			);
			path = Hardware;
			sourceTree = "<group>";
		};
		91AA37902EE8C2D1E9E36E07 /* Intents */ = {
			isa = PBXGroup;
			children = (
				ACD1CD4175445A49F1FC0C0E /* MerianAppIntents.swift */,
			);
			path = Intents;
			sourceTree = "<group>";
		};
		962877355A0EFD850F0E660D /* Core */ = {
			isa = PBXGroup;
			children = (
				252C908EEF5CE0402EDC8161 /* AI */,
				5C7CA735E2AFD8A11B0AEBBD /* Analytics */,
				69DB22A5D98BE7EFE52BFD46 /* Data */,
				90CCEEA862C84A1F4EBE8748 /* Hardware */,
				66A513CA4D2B42FA7FC22A07 /* Network */,
				16D0F6585AFA9597D5C49E78 /* Security */,
				CEE90BC1A59B7B5CDABC0FAF /* Utilities */,
			);
			path = Core;
			sourceTree = "<group>";
		};
		AD5A4EBA2FFAB511F3799D90 /* Camera */ = {
			isa = PBXGroup;
			children = (
				C158DF6827E2B00607B458CD /* CameraViewModelTests.swift */,
			);
			path = Camera;
			sourceTree = "<group>";
		};
		ADCB52429F79825373D67C3E /* LifeList */ = {
			isa = PBXGroup;
			children = (
				1F70DDF78992FA35E01B2A9E /* LifeListSearchManagerTests.swift */,
			);
			path = LifeList;
			sourceTree = "<group>";
		};
		B107761B737813AA9586836E /* Models */ = {
			isa = PBXGroup;
			children = (
				FE003E7C60B8D9CA8F55C02E /* Aliases.swift */,
				2BDE7C1E0144DC475CB8DDF5 /* SchemaVersions.swift */,
				5C776ECF75438F0BFF28C60D /* SpeciesData.swift */,
			);
			path = Models;
			sourceTree = "<group>";
		};
		CA7F3904BA990088DB7AD4A8 /* Components */ = {
			isa = PBXGroup;
			children = (
				4794314B63B0BECFC07E2A7F /* InsightAuxiliaryViews.swift */,
				C4B2E635046D077A1AB022E4 /* InsightCoreViews.swift */,
				EC81612C6DC27C79051E7DE5 /* NewDiscoveryCelebrationView.swift */,
				06F4DD900A62CD599482A033 /* SaveToCollectionSheetView.swift */,
			);
			path = Components;
			sourceTree = "<group>";
		};
		CB05DD5AA2CA841A862BA19C /* Utilities */ = {
			isa = PBXGroup;
			children = (
				DE397C54CDB94A4EFBF5FC92 /* ImageDownsampler.swift */,
			);
			path = Utilities;
			sourceTree = "<group>";
		};
		CCEEE4E885E37B07D9BE72E0 /* Camera */ = {
			isa = PBXGroup;
			children = (
				F3CA0C0E651DB70B36789535 /* CameraNavigationBarOverlay.swift */,
				394EE3AEC83F819A5BF78D72 /* CameraOverlayComponents.swift */,
				1F10E455F38CFB57D5351A3A /* CameraRootView.swift */,
				05E36D699AA84FE7B1A328C2 /* CameraViewModel.swift */,
				48550F6FC1645A6E4F98526F /* ImageCropperView.swift */,
				F14378CD2DE275C6BC849C02 /* ScanningOverlayView.swift */,
			);
			path = Camera;
			sourceTree = "<group>";
		};
		CD1C36A63AE192CF4E651D3F = {
			isa = PBXGroup;
			children = (
				E7702D88B7F7A1860DCB8689 /* Merian */,
				4614202F6465E0F5BE4F99BA /* merian */,
				048ECCB88D3C834C4104B28C /* merianTests */,
				1C0D3C9DA71DBF5B6BAB72BB /* merianUITests */,
				FA698C58EA619367BF3921C1 /* MerianWatch */,
				F420A3E8A335E1F061C6E39C /* Products */,
			);
			sourceTree = "<group>";
		};
		CEE90BC1A59B7B5CDABC0FAF /* Utilities */ = {
			isa = PBXGroup;
			children = (
				E202754BAA0EEFC440DB0945 /* ImageDownsamplerTests.swift */,
			);
			path = Utilities;
			sourceTree = "<group>";
		};
		D01BC121DFAEF5DE572C7632 /* Hardware */ = {
			isa = PBXGroup;
			children = (
				E4B3DD5F49376139EA14458E /* CameraManager.swift */,
				C4F8CF8494EA412A83EC42E3 /* EnvironmentContextManager.swift */,
				BB0AE39969F0604490ECB159 /* HapticManager.swift */,
				F4F7AD45FF06BC507AA5BBFD /* HardwareOrchestrator.swift */,
			);
			path = Hardware;
			sourceTree = "<group>";
		};
		D101DAA2375C1EB9AA798240 /* UIComponents */ = {
			isa = PBXGroup;
			children = (
				A7BE125AC1D8A0E00C907B7A /* CameraPreviewView.swift */,
				0A3959975290EB1FA78459D1 /* GlassCircularButton.swift */,
				F06F78C2B5A5EBE711F7F338 /* VisualEffectBlur.swift */,
			);
			path = UIComponents;
			sourceTree = "<group>";
		};
		D52AA644CD1FC738E78E0773 /* LifeList */ = {
			isa = PBXGroup;
			children = (
				9C1C3C9352409E7DF377C3FB /* CollectionDetailView.swift */,
				579A83D78DD01FBCE04DB724 /* LifeListSearchManager.swift */,
				656A843C6D2C5E2779BD4DDE /* ScanSelectionSheetView.swift */,
			);
			path = LifeList;
			sourceTree = "<group>";
		};
		DB5DDDF29C591369BA99ED3C /* Security */ = {
			isa = PBXGroup;
			children = (
				7B43669DE64C6C9CE86BA20D /* CircuitBreakerManager.swift */,
				21F87DC06ADD940406F7EE95 /* DeviceIdentityManager.swift */,
				2F4EAD03252E289E9516AC28 /* RevenueCatManager.swift */,
				4E53EEAA4B495EBA59F7F561 /* SocialGuardManager.swift */,
			);
			path = Security;
			sourceTree = "<group>";
		};
		E62A24F7B0318696D18D90E5 /* Models */ = {
			isa = PBXGroup;
			children = (
				B9045A590B6F5BFF4AC17B29 /* SpeciesDataTests.swift */,
			);
			path = Models;
			sourceTree = "<group>";
		};
		E7702D88B7F7A1860DCB8689 /* Merian */ = {
			isa = PBXGroup;
			children = (
				BF6016D928A11551039654D0 /* Assets.xcassets */,
				43788D0ED2F865E69A83AE35 /* App */,
				30B4C283E9A5DA47E28D1A71 /* Configuration */,
				269C3AA4A604AC73E72136AD /* Core */,
				44DB7BF0A78CC3B1C5104162 /* Features */,
				B107761B737813AA9586836E /* Models */,
				D101DAA2375C1EB9AA798240 /* UIComponents */,
			);
			path = Merian;
			sourceTree = "<group>";
		};
		EA3720CA02318804855EEE61 /* Data */ = {
			isa = PBXGroup;
			children = (
				126BD303A6C9253435264DEA /* ArchiveManager.swift */,
				A270E569ECEE97C105C10EE3 /* ImageCache.swift */,
				BB91015F13F05435F222B92A /* OfflineQueueManager.swift */,
				27B0365792BC618A4C26EC9B /* PhotoLibraryManager.swift */,
				E516841C0206ED7F97CB1EA0 /* ScanRepository.swift */,
				A8A3A30B7A77C26B982B5CDA /* SyncStateManager.swift */,
			);
			path = Data;
			sourceTree = "<group>";
		};
		F420A3E8A335E1F061C6E39C /* Products */ = {
			isa = PBXGroup;
			children = (
				595E6381B45FC4DAA8014A89 /* Merian.app */,
				D9741C90901A3F830B6B1869 /* merianTests.xctest */,
				F57079A8F64D6E84B4C47409 /* merianUITests.xctest */,
				0481771C41C383D2737DDEC7 /* MerianWatch.app */,
			);
			name = Products;
			sourceTree = "<group>";
		};
		FA698C58EA619367BF3921C1 /* MerianWatch */ = {
			isa = PBXGroup;
			children = (
				3EC0CD2961B5B50E5D1DA82A /* Assets.xcassets */,
				A8166641171629DC4E41B081 /* MerianWatchApp.swift */,
				8E1A5A4F88C1B623CFF5B25F /* WatchAcousticManager.swift */,
			);
			path = MerianWatch;
			sourceTree = "<group>";
		};
/* End PBXGroup section */

/* Begin PBXNativeTarget section */
		0B94C342D2F7F49D11202598 /* merianUITests */ = {
			isa = PBXNativeTarget;
			buildConfigurationList = 7D9A702EFDDB028F17C18244 /* Build configuration list for PBXNativeTarget "merianUITests" */;
			buildPhases = (
				6A8ACC5D24DED41B185C9722 /* Sources */,
			);
			buildRules = (
			);
			dependencies = (
				DED91DAAAF3C7D450ED76118 /* PBXTargetDependency */,
			);
			name = merianUITests;
			packageProductDependencies = (
			);
			productName = merianUITests;
			productReference = F57079A8F64D6E84B4C47409 /* merianUITests.xctest */;
			productType = "com.apple.product-type.bundle.ui-testing";
		};
		41E99D9B85E8766DDB53DB37 /* merianTests */ = {
			isa = PBXNativeTarget;
			buildConfigurationList = A85DDEDA3F6896E6E87D3C06 /* Build configuration list for PBXNativeTarget "merianTests" */;
			buildPhases = (
				2B63B1B99BACB223084BFFCD /* Sources */,
			);
			buildRules = (
			);
			dependencies = (
				A02FA46CCB2E2221257DED13 /* PBXTargetDependency */,
			);
			name = merianTests;
			packageProductDependencies = (
			);
			productName = merianTests;
			productReference = D9741C90901A3F830B6B1869 /* merianTests.xctest */;
			productType = "com.apple.product-type.bundle.unit-test";
		};
		D06FD3E9CDCF533A0C2D2843 /* Merian */ = {
			isa = PBXNativeTarget;
			buildConfigurationList = 349F75561072D4C00D971A2E /* Build configuration list for PBXNativeTarget "Merian" */;
			buildPhases = (
				CCD1122796932DE51F271174 /* Sources */,
				AAFE341D60F3C52B0EEC299C /* Resources */,
				21CC6ACD2ED3E29E2FC749EF /* Frameworks */,
				BD2DB57784E75CA81D57CF89 /* Embed Watch Content */,
			);
			buildRules = (
			);
			dependencies = (
				A9FB5DF4CB7089758D570E73 /* PBXTargetDependency */,
			);
			name = Merian;
			packageProductDependencies = (
				B4F36BE3B0243F44D0C1A93C /* RevenueCat */,
				A0635D9DFE936BD480B327EA /* PostHog */,
				D6636FC58125D5F4C5ECEDDF /* Supabase */,
				B41D79C304B7AE7C8A98F7A4 /* TelemetryClient */,
				8AF45E48D940462F64FF38E6 /* RiveRuntime */,
				02945D0A38D824A984B84430 /* GoogleSignIn */,
			);
			productName = Merian;
			productReference = 595E6381B45FC4DAA8014A89 /* Merian.app */;
			productType = "com.apple.product-type.application";
		};
		E59BC2C6A28D64E9B810676B /* MerianWatch */ = {
			isa = PBXNativeTarget;
			buildConfigurationList = 85BBF39E85E4E56CAAAF0EA9 /* Build configuration list for PBXNativeTarget "MerianWatch" */;
			buildPhases = (
				979F70E5ED4931F6558657E0 /* Sources */,
				93E2E350ECD6020D41A0A333 /* Resources */,
			);
			buildRules = (
			);
			dependencies = (
			);
			name = MerianWatch;
			packageProductDependencies = (
			);
			productName = MerianWatch;
			productReference = 0481771C41C383D2737DDEC7 /* MerianWatch.app */;
			productType = "com.apple.product-type.application";
		};
/* End PBXNativeTarget section */

/* Begin PBXProject section */
		C2202C8EFE32EB682F84E931 /* Project object */ = {
			isa = PBXProject;
			attributes = {
				BuildIndependentTargetsInParallel = YES;
				LastUpgradeCheck = 1430;
				TargetAttributes = {
					0B94C342D2F7F49D11202598 = {
						TestTargetID = D06FD3E9CDCF533A0C2D2843;
					};
				};
			};
			buildConfigurationList = 972FBC3FD9777422C0AAC783 /* Build configuration list for PBXProject "Merian" */;
			developmentRegion = en;
			hasScannedForEncodings = 0;
			knownRegions = (
				Base,
				en,
			);
			mainGroup = CD1C36A63AE192CF4E651D3F;
			minimizedProjectReferenceProxies = 1;
			packageReferences = (
				5E9451763959D79A395E750A /* XCRemoteSwiftPackageReference "GoogleSignIn-iOS" */,
				E3129842C30F4CED63055F81 /* XCRemoteSwiftPackageReference "posthog-ios" */,
				CE261A90057CF93D57C2B7CE /* XCRemoteSwiftPackageReference "purchases-ios" */,
				F00F1D918B7D9520625EA31D /* XCRemoteSwiftPackageReference "rive-ios" */,
				A68D7B2C0AC3928BB3164D73 /* XCRemoteSwiftPackageReference "supabase-swift" */,
				51EB52F78E5BB0AF6B928C7A /* XCRemoteSwiftPackageReference "SwiftClient" */,
			);
			preferredProjectObjectVersion = 77;
			productRefGroup = F420A3E8A335E1F061C6E39C /* Products */;
			projectDirPath = "";
			projectRoot = "";
			targets = (
				D06FD3E9CDCF533A0C2D2843 /* Merian */,
				E59BC2C6A28D64E9B810676B /* MerianWatch */,
				41E99D9B85E8766DDB53DB37 /* merianTests */,
				0B94C342D2F7F49D11202598 /* merianUITests */,
			);
		};
/* End PBXProject section */

/* Begin PBXResourcesBuildPhase section */
		93E2E350ECD6020D41A0A333 /* Resources */ = {
			isa = PBXResourcesBuildPhase;
			buildActionMask = 2147483647;
			files = (
				7167258103BD53E6E9BF6D58 /* Assets.xcassets in Resources */,
			);
			runOnlyForDeploymentPostprocessing = 0;
		};
		AAFE341D60F3C52B0EEC299C /* Resources */ = {
			isa = PBXResourcesBuildPhase;
			buildActionMask = 2147483647;
			files = (
				2EA34DB4680CC269E0767805 /* Assets.xcassets in Resources */,
				B087D06DE6AAEE6A196DEE5F /* LaunchScreen.storyboard in Resources */,
			);
			runOnlyForDeploymentPostprocessing = 0;
		};
/* End PBXResourcesBuildPhase section */

/* Begin PBXSourcesBuildPhase section */
		2B63B1B99BACB223084BFFCD /* Sources */ = {
			isa = PBXSourcesBuildPhase;
			buildActionMask = 2147483647;
			files = (
				CF5FF69E1DD41C08D9AED13D /* AppTelemetryTests.swift in Sources */,
				12AA0FAE9C4B36B2EBD02ED0 /* ArchiveManagerTests.swift in Sources */,
				58FA393F3971EAD8CE30DF73 /* BackgroundDatabaseActorTests.swift in Sources */,
				8F4412047C0A6080466F396A /* CameraManagerTests.swift in Sources */,
				B20142A1AA7BCD429F17872C /* CameraViewModelTests.swift in Sources */,
				9763043AF1B67D26DD2F4F86 /* CircuitBreakerManagerTests.swift in Sources */,
				393390823BC93578441E9C0F /* DeviceIdentityManagerTests.swift in Sources */,
				B4DCFC6657BAF833E5C352E3 /* EnvironmentContextManagerTests.swift in Sources */,
				EEF864446094E9A6A5D15412 /* GamificationManagerTests.swift in Sources */,
				636FC2A87E6506B7889EBB19 /* HapticManagerTests.swift in Sources */,
				D96FD0AA92A656CCCFBBFCE0 /* HardwareOrchestratorTests.swift in Sources */,
				50C62D39BB9CF90CD1FA0FE8 /* ImageCacheTests.swift in Sources */,
				B4F4A6F22419994B39F81149 /* ImageDownsamplerTests.swift in Sources */,
				1B6BFA65E4FD0F69771A22F5 /* InferenceEngineTests.swift in Sources */,
				482EFC90FD03345F158B6FC8 /* LifeListSearchManagerTests.swift in Sources */,
				3873C8167F961708BCAA9928 /* MerianNetworkClientTests.swift in Sources */,
				988F5087F8F1A1606364B9EC /* OfflineQueueManagerTests.swift in Sources */,
				E8C3697BDE8BF44A272739F7 /* PhotoLibraryManagerTests.swift in Sources */,
				329169F2439B45C14F911359 /* PostHogManagerTests.swift in Sources */,
				D8B9C4BE62D3BCA14D89C047 /* RevenueCatManagerTests.swift in Sources */,
				11FDF15A120F27FD55304F12 /* ScanRepositoryTests.swift in Sources */,
				A4CBAC7802F4D1F84D2C8245 /* SocialGuardManagerTests.swift in Sources */,
				71973E388CE20D34E61A57EF /* SpeciesDataTests.swift in Sources */,
				35C19CF7E78AB40508707771 /* SupabaseManagerTests.swift in Sources */,
				924A127D2E5CD9150CA372B1 /* SyncStateManagerTests.swift in Sources */,
				08AF7D781FC1FEC3302B1725 /* UsageManagerTests.swift in Sources */,
				47A29D6514785E7ED58ED4A7 /* ViewfinderIntelligenceTests.swift in Sources */,
				50C0EB20117C47318FB5CA76 /* merianTests.swift in Sources */,
			);
			runOnlyForDeploymentPostprocessing = 0;
		};
		6A8ACC5D24DED41B185C9722 /* Sources */ = {
			isa = PBXSourcesBuildPhase;
			buildActionMask = 2147483647;
			files = (
				7EB477D7F5E4F6F4AF8A4DF4 /* merianUITests.swift in Sources */,
				EC41AF6017872C5A3172EB72 /* merianUITestsLaunchTests.swift in Sources */,
			);
			runOnlyForDeploymentPostprocessing = 0;
		};
		979F70E5ED4931F6558657E0 /* Sources */ = {
			isa = PBXSourcesBuildPhase;
			buildActionMask = 2147483647;
			files = (
				80923B86E3B63DA5F4791FBC /* MerianWatchApp.swift in Sources */,
				2BF1BEB4A71119405DD5F026 /* WatchAcousticManager.swift in Sources */,
			);
			runOnlyForDeploymentPostprocessing = 0;
		};
		CCD1122796932DE51F271174 /* Sources */ = {
			isa = PBXSourcesBuildPhase;
			buildActionMask = 2147483647;
			files = (
				642D8BF584E77058DF0BD037 /* Aliases.swift in Sources */,
				BA29DD18B10689C6317D266A /* AppDIContainer.swift in Sources */,
				4D578150B5F525BD33B3F357 /* AppTelemetry.swift in Sources */,
				5B523A2C266BD1E37ADF55F1 /* ArchiveManager.swift in Sources */,
				54ACE915EB05B58A580403D7 /* CameraManager.swift in Sources */,
				E5DE9BAD62A65EE0CA0A500D /* CameraNavigationBarOverlay.swift in Sources */,
				BA2E9129689AEE128381DD40 /* CameraOverlayComponents.swift in Sources */,
				C8D09F59DF4D7AA09EBBF241 /* CameraPreviewView.swift in Sources */,
				E003F76626092B2B2E4E947E /* CameraRootView.swift in Sources */,
				A14AC8A8A3FB144C37B28259 /* CameraViewModel.swift in Sources */,
				3BB9F3674C81A2A5B7F49823 /* CircuitBreakerManager.swift in Sources */,
				ADEEFF67C030A76F953BDB7B /* CollectionDetailView.swift in Sources */,
				653576165C2B6ACE190F811B /* DeviceIdentityManager.swift in Sources */,
				097CCC9936E501E8078390A8 /* DiagnosticComparisonView.swift in Sources */,
				C68E1DEEF4B031DA0C9F3E8C /* EnvironmentContextManager.swift in Sources */,
				1C5709A83A147B30524F24AE /* FlagIssueView.swift in Sources */,
				36450C5D27A7DD284BCCF8D6 /* GamificationManager.swift in Sources */,
				902259B948C4459876BA2BA8 /* GlassCircularButton.swift in Sources */,
				A00270831093276EA08B0747 /* HapticManager.swift in Sources */,
				688BD926B9F296F709458245 /* HardwareOrchestrator.swift in Sources */,
				D2DF3C5C01E8FDBE6CC1CDBB /* ImageCache.swift in Sources */,
				7BDC8F98B39E7A4BCF67E3E1 /* ImageCropperView.swift in Sources */,
				0C420791D4BD272ADDD3FB17 /* ImageDownsampler.swift in Sources */,
				1AF43A34D958F0AD5B596EC8 /* InferenceEngine.swift in Sources */,
				D386F2934CAA2D0522B075C6 /* InsightAuxiliaryViews.swift in Sources */,
				49E6A9D05F80A9632DB35B86 /* InsightCoreViews.swift in Sources */,
				153C2C3CD5D14CAF114DE7BF /* InsightSheetView.swift in Sources */,
				651915664083CD0B2CBD387A /* LifeListSearchManager.swift in Sources */,
				D04601386C3C540AC9E1A14C /* MerianApp.swift in Sources */,
				7BD95B2DD8A3489950F5DE7A /* MerianAppIntents.swift in Sources */,
				1FA6191F65E8440EB467E825 /* MerianEnvironment.swift in Sources */,
				F366496097CBC48873E991A4 /* MerianNetworkClient.swift in Sources */,
				4C1064DD5ACEEFF5027D3D15 /* NewDiscoveryCelebrationView.swift in Sources */,
				74FB78DC817FC19EFECE4967 /* OfflineQueueManager.swift in Sources */,
				2A2E70256C7D30677127DCD3 /* PaywallView.swift in Sources */,
				A0B8B0996BA36D9EB98E38DE /* PhotoLibraryManager.swift in Sources */,
				BA78C2C67BF6607B3B020F2B /* PostHogManager.swift in Sources */,
				42256BF6A35600A8B6E21C9A /* RevenueCatManager.swift in Sources */,
				2CC62B15DA810F7591D7B0DF /* SaveToCollectionSheetView.swift in Sources */,
				B6500747C7FB0F4C686C7B5F /* ScanRepository.swift in Sources */,
				79E5E96B2DFF9D5D8F44D93F /* ScanSelectionSheetView.swift in Sources */,
				9804BA17196570FD47EA5AAA /* ScanningOverlayView.swift in Sources */,
				6F8A519B83E72CFFF47B83C5 /* SchemaVersions.swift in Sources */,
				7ABDAAF2DB8AF80C8BF560C6 /* SettingsView.swift in Sources */,
				89143DCFA1EF1A9D5B72F894 /* SocialGuardManager.swift in Sources */,
				448656F1135935AE41FD651A /* SpeciesData.swift in Sources */,
				7AC97E8AB2C2FFDC53E80273 /* SupabaseManager.swift in Sources */,
				5F182159D37E8542DEC475EF /* SyncStateManager.swift in Sources */,
				35D84923D6388602EC39C440 /* TerrariumView.swift in Sources */,
				842E825C495021C3FA1D0511 /* UsageManager.swift in Sources */,
				7611CA907F614D66A9BF6183 /* UserProfileAuthSection.swift in Sources */,
				D99396DC7872BDACB76B1126 /* UserProfileHeaderView.swift in Sources */,
				6596E5E59B63E356E75851C9 /* UserProfileStatsView.swift in Sources */,
				F15750F8E84D7F19C8DCC6A0 /* UserProfileView.swift in Sources */,
				3B0B4417F90F2CEAEE75E0FC /* ViewfinderIntelligence.swift in Sources */,
				CD5E67E9F522CCD9A29A1AAF /* VisualEffectBlur.swift in Sources */,
			);
			runOnlyForDeploymentPostprocessing = 0;
		};
/* End PBXSourcesBuildPhase section */

/* Begin PBXTargetDependency section */
		A02FA46CCB2E2221257DED13 /* PBXTargetDependency */ = {
			isa = PBXTargetDependency;
			target = D06FD3E9CDCF533A0C2D2843 /* Merian */;
			targetProxy = 69CEC25703C4F638CED96A71 /* PBXContainerItemProxy */;
		};
		A9FB5DF4CB7089758D570E73 /* PBXTargetDependency */ = {
			isa = PBXTargetDependency;
			target = E59BC2C6A28D64E9B810676B /* MerianWatch */;
			targetProxy = 57CA45A0CA6171010ACC3EBA /* PBXContainerItemProxy */;
		};
		DED91DAAAF3C7D450ED76118 /* PBXTargetDependency */ = {
			isa = PBXTargetDependency;
			target = D06FD3E9CDCF533A0C2D2843 /* Merian */;
			targetProxy = 42C1E8442B54EF52ECADAD30 /* PBXContainerItemProxy */;
		};
/* End PBXTargetDependency section */

/* Begin XCBuildConfiguration section */
		16E59262791D4BC7B239672B /* Release */ = {
			isa = XCBuildConfiguration;
			buildSettings = {
				ASSETCATALOG_COMPILER_APPICON_NAME = AppIcon;
				DEVELOPMENT_TEAM = TA8S64ST9W;
				GENERATE_INFOPLIST_FILE = YES;
				INFOPLIST_KEY_CFBundleIconFiles = AppIcon;
				INFOPLIST_KEY_CFBundleIconName = AppIcon;
				INFOPLIST_KEY_WKCompanionAppBundleIdentifier = app.merian.Merian;
				INFOPLIST_KEY_WKRunsIndependentlyOfCompanionApp = NO;
				PRODUCT_BUNDLE_IDENTIFIER = app.merian.Merian.watchkitapp;
				SDKROOT = watchos;
				SKIP_INSTALL = YES;
				SUPPORTED_PLATFORMS = "watchsimulator watchos";
				TARGETED_DEVICE_FAMILY = 4;
				WATCHOS_DEPLOYMENT_TARGET = 10.0;
			};
			name = Release;
		};
		2A070EB1D51EB18C60B10AFC /* Release */ = {
			isa = XCBuildConfiguration;
			baseConfigurationReference = B03EAD808B1F5D84E75D030C /* Config.xcconfig */;
			buildSettings = {
				ASSETCATALOG_COMPILER_APPICON_NAME = AppIcon;
				CODE_SIGN_ENTITLEMENTS = Merian/Configuration/Merian.entitlements;
				CODE_SIGN_IDENTITY = "iPhone Developer";
				DEVELOPMENT_TEAM = TA8S64ST9W;
				GENERATE_INFOPLIST_FILE = NO;
				INFOPLIST_FILE = Merian/Configuration/Info.plist;
				IPHONEOS_DEPLOYMENT_TARGET = 17.2;
				LD_RUNPATH_SEARCH_PATHS = (
					"$(inherited)",
					"@executable_path/Frameworks",
				);
				PRODUCT_BUNDLE_IDENTIFIER = app.merian.Merian;
				SDKROOT = iphoneos;
				TARGETED_DEVICE_FAMILY = 1;
			};
			name = Release;
		};
		301E8FE096A2173E876D72C9 /* Debug */ = {
			isa = XCBuildConfiguration;
			buildSettings = {
				BUNDLE_LOADER = "$(TEST_HOST)";
				GENERATE_INFOPLIST_FILE = YES;
				IPHONEOS_DEPLOYMENT_TARGET = 17.2;
				LD_RUNPATH_SEARCH_PATHS = (
					"$(inherited)",
					"@executable_path/Frameworks",
					"@loader_path/Frameworks",
				);
				PRODUCT_BUNDLE_IDENTIFIER = app.merian.merianTests;
				SDKROOT = iphoneos;
				TARGETED_DEVICE_FAMILY = "1,2";
				TEST_HOST = "$(BUILT_PRODUCTS_DIR)/Merian.app/Merian";
			};
			name = Debug;
		};
		63E2FCD72D2C4BB7FEB7197E /* Release */ = {
			isa = XCBuildConfiguration;
			buildSettings = {
				BUNDLE_LOADER = "$(TEST_HOST)";
				GENERATE_INFOPLIST_FILE = YES;
				IPHONEOS_DEPLOYMENT_TARGET = 17.2;
				LD_RUNPATH_SEARCH_PATHS = (
					"$(inherited)",
					"@executable_path/Frameworks",
					"@loader_path/Frameworks",
				);
				PRODUCT_BUNDLE_IDENTIFIER = app.merian.merianTests;
				SDKROOT = iphoneos;
				TARGETED_DEVICE_FAMILY = "1,2";
				TEST_HOST = "$(BUILT_PRODUCTS_DIR)/Merian.app/Merian";
			};
			name = Release;
		};
		70027F99ABC1AAC485FEA98D /* Debug */ = {
			isa = XCBuildConfiguration;
			buildSettings = {
				BUNDLE_LOADER = "$(TEST_HOST)";
				GENERATE_INFOPLIST_FILE = YES;
				IPHONEOS_DEPLOYMENT_TARGET = 17.2;
				LD_RUNPATH_SEARCH_PATHS = (
					"$(inherited)",
					"@executable_path/Frameworks",
					"@loader_path/Frameworks",
				);
				PRODUCT_BUNDLE_IDENTIFIER = app.merian.merianUITests;
				SDKROOT = iphoneos;
				TARGETED_DEVICE_FAMILY = "1,2";
				TEST_TARGET_NAME = Merian;
			};
			name = Debug;
		};
		7A7F91EC857905B224836889 /* Debug */ = {
			isa = XCBuildConfiguration;
			buildSettings = {
				ALWAYS_SEARCH_USER_PATHS = NO;
				CLANG_ANALYZER_NONNULL = YES;
				CLANG_ANALYZER_NUMBER_OBJECT_CONVERSION = YES_AGGRESSIVE;
				CLANG_CXX_LANGUAGE_STANDARD = "gnu++14";
				CLANG_CXX_LIBRARY = "libc++";
				CLANG_ENABLE_MODULES = YES;
				CLANG_ENABLE_OBJC_ARC = YES;
				CLANG_ENABLE_OBJC_WEAK = YES;
				CLANG_WARN_BLOCK_CAPTURE_AUTORELEASING = YES;
				CLANG_WARN_BOOL_CONVERSION = YES;
				CLANG_WARN_COMMA = YES;
				CLANG_WARN_CONSTANT_CONVERSION = YES;
				CLANG_WARN_DEPRECATED_OBJC_IMPLEMENTATIONS = YES;
				CLANG_WARN_DIRECT_OBJC_ISA_USAGE = YES_ERROR;
				CLANG_WARN_DOCUMENTATION_COMMENTS = YES;
				CLANG_WARN_EMPTY_BODY = YES;
				CLANG_WARN_ENUM_CONVERSION = YES;
				CLANG_WARN_INFINITE_RECURSION = YES;
				CLANG_WARN_INT_CONVERSION = YES;
				CLANG_WARN_NON_LITERAL_NULL_CONVERSION = YES;
				CLANG_WARN_OBJC_IMPLICIT_RETAIN_SELF = YES;
				CLANG_WARN_OBJC_LITERAL_CONVERSION = YES;
				CLANG_WARN_OBJC_ROOT_CLASS = YES_ERROR;
				CLANG_WARN_QUOTED_INCLUDE_IN_FRAMEWORK_HEADER = YES;
				CLANG_WARN_RANGE_LOOP_ANALYSIS = YES;
				CLANG_WARN_STRICT_PROTOTYPES = YES;
				CLANG_WARN_SUSPICIOUS_MOVE = YES;
				CLANG_WARN_UNGUARDED_AVAILABILITY = YES_AGGRESSIVE;
				CLANG_WARN_UNREACHABLE_CODE = YES;
				CLANG_WARN__DUPLICATE_METHOD_MATCH = YES;
				COPY_PHASE_STRIP = NO;
				DEBUG_INFORMATION_FORMAT = dwarf;
				ENABLE_STRICT_OBJC_MSGSEND = YES;
				ENABLE_TESTABILITY = YES;
				GCC_C_LANGUAGE_STANDARD = gnu11;
				GCC_DYNAMIC_NO_PIC = NO;
				GCC_NO_COMMON_BLOCKS = YES;
				GCC_OPTIMIZATION_LEVEL = 0;
				GCC_PREPROCESSOR_DEFINITIONS = (
					"$(inherited)",
					"DEBUG=1",
				);
				GCC_WARN_64_TO_32_BIT_CONVERSION = YES;
				GCC_WARN_ABOUT_RETURN_TYPE = YES_ERROR;
				GCC_WARN_UNDECLARED_SELECTOR = YES;
				GCC_WARN_UNINITIALIZED_AUTOS = YES_AGGRESSIVE;
				GCC_WARN_UNUSED_FUNCTION = YES;
				GCC_WARN_UNUSED_VARIABLE = YES;
				IPHONEOS_DEPLOYMENT_TARGET = 17.2;
				MACOSX_DEPLOYMENT_TARGET = 14.0;
				MTL_ENABLE_DEBUG_INFO = INCLUDE_SOURCE;
				MTL_FAST_MATH = YES;
				ONLY_ACTIVE_ARCH = YES;
				PRODUCT_NAME = "$(TARGET_NAME)";
				SWIFT_ACTIVE_COMPILATION_CONDITIONS = DEBUG;
				SWIFT_OPTIMIZATION_LEVEL = "-Onone";
				SWIFT_VERSION = 5.0;
			};
			name = Debug;
		};
		AABC477C3F875B4C694102E4 /* Debug */ = {
			isa = XCBuildConfiguration;
			buildSettings = {
				ASSETCATALOG_COMPILER_APPICON_NAME = AppIcon;
				DEVELOPMENT_TEAM = TA8S64ST9W;
				GENERATE_INFOPLIST_FILE = YES;
				INFOPLIST_KEY_CFBundleIconFiles = AppIcon;
				INFOPLIST_KEY_CFBundleIconName = AppIcon;
				INFOPLIST_KEY_WKCompanionAppBundleIdentifier = app.merian.Merian;
				INFOPLIST_KEY_WKRunsIndependentlyOfCompanionApp = NO;
				PRODUCT_BUNDLE_IDENTIFIER = app.merian.Merian.watchkitapp;
				SDKROOT = watchos;
				SKIP_INSTALL = YES;
				SUPPORTED_PLATFORMS = "watchsimulator watchos";
				TARGETED_DEVICE_FAMILY = 4;
				WATCHOS_DEPLOYMENT_TARGET = 10.0;
			};
			name = Debug;
		};
		DE423473E1443CC508B4E35B /* Release */ = {
			isa = XCBuildConfiguration;
			buildSettings = {
				BUNDLE_LOADER = "$(TEST_HOST)";
				GENERATE_INFOPLIST_FILE = YES;
				IPHONEOS_DEPLOYMENT_TARGET = 17.2;
				LD_RUNPATH_SEARCH_PATHS = (
					"$(inherited)",
					"@executable_path/Frameworks",
					"@loader_path/Frameworks",
				);
				PRODUCT_BUNDLE_IDENTIFIER = app.merian.merianUITests;
				SDKROOT = iphoneos;
				TARGETED_DEVICE_FAMILY = "1,2";
				TEST_TARGET_NAME = Merian;
			};
			name = Release;
		};
		DFA8A85D68846B429AD00C28 /* Release */ = {
			isa = XCBuildConfiguration;
			buildSettings = {
				ALWAYS_SEARCH_USER_PATHS = NO;
				CLANG_ANALYZER_NONNULL = YES;
				CLANG_ANALYZER_NUMBER_OBJECT_CONVERSION = YES_AGGRESSIVE;
				CLANG_CXX_LANGUAGE_STANDARD = "gnu++14";
				CLANG_CXX_LIBRARY = "libc++";
				CLANG_ENABLE_MODULES = YES;
				CLANG_ENABLE_OBJC_ARC = YES;
				CLANG_ENABLE_OBJC_WEAK = YES;
				CLANG_WARN_BLOCK_CAPTURE_AUTORELEASING = YES;
				CLANG_WARN_BOOL_CONVERSION = YES;
				CLANG_WARN_COMMA = YES;
				CLANG_WARN_CONSTANT_CONVERSION = YES;
				CLANG_WARN_DEPRECATED_OBJC_IMPLEMENTATIONS = YES;
				CLANG_WARN_DIRECT_OBJC_ISA_USAGE = YES_ERROR;
				CLANG_WARN_DOCUMENTATION_COMMENTS = YES;
				CLANG_WARN_EMPTY_BODY = YES;
				CLANG_WARN_ENUM_CONVERSION = YES;
				CLANG_WARN_INFINITE_RECURSION = YES;
				CLANG_WARN_INT_CONVERSION = YES;
				CLANG_WARN_NON_LITERAL_NULL_CONVERSION = YES;
				CLANG_WARN_OBJC_IMPLICIT_RETAIN_SELF = YES;
				CLANG_WARN_OBJC_LITERAL_CONVERSION = YES;
				CLANG_WARN_OBJC_ROOT_CLASS = YES_ERROR;
				CLANG_WARN_QUOTED_INCLUDE_IN_FRAMEWORK_HEADER = YES;
				CLANG_WARN_RANGE_LOOP_ANALYSIS = YES;
				CLANG_WARN_STRICT_PROTOTYPES = YES;
				CLANG_WARN_SUSPICIOUS_MOVE = YES;
				CLANG_WARN_UNGUARDED_AVAILABILITY = YES_AGGRESSIVE;
				CLANG_WARN_UNREACHABLE_CODE = YES;
				CLANG_WARN__DUPLICATE_METHOD_MATCH = YES;
				COPY_PHASE_STRIP = NO;
				DEBUG_INFORMATION_FORMAT = "dwarf-with-dsym";
				ENABLE_NS_ASSERTIONS = NO;
				ENABLE_STRICT_OBJC_MSGSEND = YES;
				GCC_C_LANGUAGE_STANDARD = gnu11;
				GCC_NO_COMMON_BLOCKS = YES;
				GCC_WARN_64_TO_32_BIT_CONVERSION = YES;
				GCC_WARN_ABOUT_RETURN_TYPE = YES_ERROR;
				GCC_WARN_UNDECLARED_SELECTOR = YES;
				GCC_WARN_UNINITIALIZED_AUTOS = YES_AGGRESSIVE;
				GCC_WARN_UNUSED_FUNCTION = YES;
				GCC_WARN_UNUSED_VARIABLE = YES;
				IPHONEOS_DEPLOYMENT_TARGET = 17.2;
				MACOSX_DEPLOYMENT_TARGET = 14.0;
				MTL_ENABLE_DEBUG_INFO = NO;
				MTL_FAST_MATH = YES;
				PRODUCT_NAME = "$(TARGET_NAME)";
				SWIFT_COMPILATION_MODE = wholemodule;
				SWIFT_OPTIMIZATION_LEVEL = "-O";
				SWIFT_VERSION = 5.0;
			};
			name = Release;
		};
		FA85932515F575EB75458FFA /* Debug */ = {
			isa = XCBuildConfiguration;
			baseConfigurationReference = B03EAD808B1F5D84E75D030C /* Config.xcconfig */;
			buildSettings = {
				ASSETCATALOG_COMPILER_APPICON_NAME = AppIcon;
				CODE_SIGN_ENTITLEMENTS = Merian/Configuration/Merian.entitlements;
				CODE_SIGN_IDENTITY = "iPhone Developer";
				DEVELOPMENT_TEAM = TA8S64ST9W;
				GENERATE_INFOPLIST_FILE = NO;
				INFOPLIST_FILE = Merian/Configuration/Info.plist;
				IPHONEOS_DEPLOYMENT_TARGET = 17.2;
				LD_RUNPATH_SEARCH_PATHS = (
					"$(inherited)",
					"@executable_path/Frameworks",
				);
				PRODUCT_BUNDLE_IDENTIFIER = app.merian.Merian;
				SDKROOT = iphoneos;
				TARGETED_DEVICE_FAMILY = 1;
			};
			name = Debug;
		};
/* End XCBuildConfiguration section */

/* Begin XCConfigurationList section */
		349F75561072D4C00D971A2E /* Build configuration list for PBXNativeTarget "Merian" */ = {
			isa = XCConfigurationList;
			buildConfigurations = (
				FA85932515F575EB75458FFA /* Debug */,
				2A070EB1D51EB18C60B10AFC /* Release */,
			);
			defaultConfigurationIsVisible = 0;
			defaultConfigurationName = Debug;
		};
		7D9A702EFDDB028F17C18244 /* Build configuration list for PBXNativeTarget "merianUITests" */ = {
			isa = XCConfigurationList;
			buildConfigurations = (
				70027F99ABC1AAC485FEA98D /* Debug */,
				DE423473E1443CC508B4E35B /* Release */,
			);
			defaultConfigurationIsVisible = 0;
			defaultConfigurationName = Debug;
		};
		85BBF39E85E4E56CAAAF0EA9 /* Build configuration list for PBXNativeTarget "MerianWatch" */ = {
			isa = XCConfigurationList;
			buildConfigurations = (
				AABC477C3F875B4C694102E4 /* Debug */,
				16E59262791D4BC7B239672B /* Release */,
			);
			defaultConfigurationIsVisible = 0;
			defaultConfigurationName = Debug;
		};
		972FBC3FD9777422C0AAC783 /* Build configuration list for PBXProject "Merian" */ = {
			isa = XCConfigurationList;
			buildConfigurations = (
				7A7F91EC857905B224836889 /* Debug */,
				DFA8A85D68846B429AD00C28 /* Release */,
			);
			defaultConfigurationIsVisible = 0;
			defaultConfigurationName = Debug;
		};
		A85DDEDA3F6896E6E87D3C06 /* Build configuration list for PBXNativeTarget "merianTests" */ = {
			isa = XCConfigurationList;
			buildConfigurations = (
				301E8FE096A2173E876D72C9 /* Debug */,
				63E2FCD72D2C4BB7FEB7197E /* Release */,
			);
			defaultConfigurationIsVisible = 0;
			defaultConfigurationName = Debug;
		};
/* End XCConfigurationList section */

/* Begin XCRemoteSwiftPackageReference section */
		51EB52F78E5BB0AF6B928C7A /* XCRemoteSwiftPackageReference "SwiftClient" */ = {
			isa = XCRemoteSwiftPackageReference;
			repositoryURL = "https://github.com/TelemetryDeck/SwiftClient.git";
			requirement = {
				kind = upToNextMajorVersion;
				minimumVersion = 1.5.1;
			};
		};
		5E9451763959D79A395E750A /* XCRemoteSwiftPackageReference "GoogleSignIn-iOS" */ = {
			isa = XCRemoteSwiftPackageReference;
			repositoryURL = "https://github.com/google/GoogleSignIn-iOS.git";
			requirement = {
				kind = upToNextMajorVersion;
				minimumVersion = 9.1.0;
			};
		};
		A68D7B2C0AC3928BB3164D73 /* XCRemoteSwiftPackageReference "supabase-swift" */ = {
			isa = XCRemoteSwiftPackageReference;
			repositoryURL = "https://github.com/supabase-community/supabase-swift.git";
			requirement = {
				kind = upToNextMajorVersion;
				minimumVersion = 2.41.1;
			};
		};
		CE261A90057CF93D57C2B7CE /* XCRemoteSwiftPackageReference "purchases-ios" */ = {
			isa = XCRemoteSwiftPackageReference;
			repositoryURL = "https://github.com/RevenueCat/purchases-ios.git";
			requirement = {
				kind = upToNextMajorVersion;
				minimumVersion = 5.64.0;
			};
		};
		E3129842C30F4CED63055F81 /* XCRemoteSwiftPackageReference "posthog-ios" */ = {
			isa = XCRemoteSwiftPackageReference;
			repositoryURL = "https://github.com/PostHog/posthog-ios.git";
			requirement = {
				kind = upToNextMajorVersion;
				minimumVersion = 3.47.0;
			};
		};
		F00F1D918B7D9520625EA31D /* XCRemoteSwiftPackageReference "rive-ios" */ = {
			isa = XCRemoteSwiftPackageReference;
			repositoryURL = "https://github.com/rive-app/rive-ios.git";
			requirement = {
				kind = upToNextMajorVersion;
				minimumVersion = 6.16.0;
			};
		};
/* End XCRemoteSwiftPackageReference section */

/* Begin XCSwiftPackageProductDependency section */
		02945D0A38D824A984B84430 /* GoogleSignIn */ = {
			isa = XCSwiftPackageProductDependency;
			package = 5E9451763959D79A395E750A /* XCRemoteSwiftPackageReference "GoogleSignIn-iOS" */;
			productName = GoogleSignIn;
		};
		8AF45E48D940462F64FF38E6 /* RiveRuntime */ = {
			isa = XCSwiftPackageProductDependency;
			package = F00F1D918B7D9520625EA31D /* XCRemoteSwiftPackageReference "rive-ios" */;
			productName = RiveRuntime;
		};
		A0635D9DFE936BD480B327EA /* PostHog */ = {
			isa = XCSwiftPackageProductDependency;
			package = E3129842C30F4CED63055F81 /* XCRemoteSwiftPackageReference "posthog-ios" */;
			productName = PostHog;
		};
		B41D79C304B7AE7C8A98F7A4 /* TelemetryClient */ = {
			isa = XCSwiftPackageProductDependency;
			package = 51EB52F78E5BB0AF6B928C7A /* XCRemoteSwiftPackageReference "SwiftClient" */;
			productName = TelemetryClient;
		};
		B4F36BE3B0243F44D0C1A93C /* RevenueCat */ = {
			isa = XCSwiftPackageProductDependency;
			package = CE261A90057CF93D57C2B7CE /* XCRemoteSwiftPackageReference "purchases-ios" */;
			productName = RevenueCat;
		};
		D6636FC58125D5F4C5ECEDDF /* Supabase */ = {
			isa = XCSwiftPackageProductDependency;
			package = A68D7B2C0AC3928BB3164D73 /* XCRemoteSwiftPackageReference "supabase-swift" */;
			productName = Supabase;
		};
/* End XCSwiftPackageProductDependency section */
	};
	rootObject = C2202C8EFE32EB682F84E931 /* Project object */;
}
