// !$*UTF8*$!
{
	archiveVersion = 1;
	classes = {
	};
	objectVersion = 77;
	objects = {

/* Begin PBXBuildFile section */
		02744C5D1C5479E4C23ECC25 /* ViewfinderIntelligence.swift in Sources */ = {isa = PBXBuildFile; fileRef = 4EAC04987BA3EFEC3707C69E /* ViewfinderIntelligence.swift */; };
		07C3FD827D3E78D074A932E7 /* DiagnosticComparisonView.swift in Sources */ = {isa = PBXBuildFile; fileRef = CB9E27E92C07B1A6540ECA75 /* DiagnosticComparisonView.swift */; };
		16673AF8A7AC00E010A16288 /* CameraRootView.swift in Sources */ = {isa = PBXBuildFile; fileRef = 51E5ABA1F24B91BB39104EA4 /* CameraRootView.swift */; };
		1AF3C8456601927E288B1890 /* HardwareOrchestrator.swift in Sources */ = {isa = PBXBuildFile; fileRef = 17BDC16D6533BAE16A26F5D8 /* HardwareOrchestrator.swift */; };
		2632809FB1F933EC169350AB /* MerianNetworkClient.swift in Sources */ = {isa = PBXBuildFile; fileRef = 46E47B0C03E9EC5DCE62C7E7 /* MerianNetworkClient.swift */; };
		2BF1BEB4A71119405DD5F026 /* WatchAcousticManager.swift in Sources */ = {isa = PBXBuildFile; fileRef = 8E1A5A4F88C1B623CFF5B25F /* WatchAcousticManager.swift */; };
		2EA34DB4680CC269E0767805 /* Assets.xcassets in Resources */ = {isa = PBXBuildFile; fileRef = BF6016D928A11551039654D0 /* Assets.xcassets */; };
		368C132A83A86B60CAD0F8F8 /* ArchiveManager.swift in Sources */ = {isa = PBXBuildFile; fileRef = 15387F83E7C8F017AE6989EB /* ArchiveManager.swift */; };
		382BE761F821EA8A0CC87A2A /* SupabaseManager.swift in Sources */ = {isa = PBXBuildFile; fileRef = 63769A30A57E0746D270C60E /* SupabaseManager.swift */; };
		4C6CFCA137410A34B0F97A27 /* MerianActionBar.swift in Sources */ = {isa = PBXBuildFile; fileRef = 00E96E3236A58E1380603B5D /* MerianActionBar.swift */; };
		4D44E3680C7B0A2827090B7C /* Supabase in Frameworks */ = {isa = PBXBuildFile; productRef = D6636FC58125D5F4C5ECEDDF /* Supabase */; };
		57B3AB95EA69F38741E9E500 /* UsageManager.swift in Sources */ = {isa = PBXBuildFile; fileRef = 4E10F6B4FBB693F712392A78 /* UsageManager.swift */; };
		6C88F3FDFFA0739089B1DA71 /* HapticManager.swift in Sources */ = {isa = PBXBuildFile; fileRef = B2635BF40170F892D6FFFD9B /* HapticManager.swift */; };
		6F75D7C9545B200B2B45122E /* AppTelemetry.swift in Sources */ = {isa = PBXBuildFile; fileRef = EF836BCE5722B41748153F02 /* AppTelemetry.swift */; };
		744549B88F24B2BBB8D37482 /* CircuitBreakerManager.swift in Sources */ = {isa = PBXBuildFile; fileRef = 7E1291FB06E849329CB7410F /* CircuitBreakerManager.swift */; };
		80923B86E3B63DA5F4791FBC /* MerianWatchApp.swift in Sources */ = {isa = PBXBuildFile; fileRef = A8166641171629DC4E41B081 /* MerianWatchApp.swift */; };
		8D28D290FD319AF4DFE6056C /* LifeListSearchManager.swift in Sources */ = {isa = PBXBuildFile; fileRef = 98F6EC72296A8F0873BCBB4F /* LifeListSearchManager.swift */; };
		8F655442A6D196335FD58F8B /* RevenueCat in Frameworks */ = {isa = PBXBuildFile; productRef = B4F36BE3B0243F44D0C1A93C /* RevenueCat */; };
		9432B1A5023ECCD2540CE505 /* PaywallView.swift in Sources */ = {isa = PBXBuildFile; fileRef = 0544663A0318949724DDE300 /* PaywallView.swift */; };
		9664363BC59C58EF6717049F /* RiveRuntime in Frameworks */ = {isa = PBXBuildFile; productRef = 8AF45E48D940462F64FF38E6 /* RiveRuntime */; };
		9B99A069523FF98347A3C557 /* RevenueCatManager.swift in Sources */ = {isa = PBXBuildFile; fileRef = 4D3E659D28C648C5C155FF88 /* RevenueCatManager.swift */; };
		A18D50B4063A85EC6D9718AA /* SocialGuardManager.swift in Sources */ = {isa = PBXBuildFile; fileRef = 7E7CDC8AFDD4FF1D0C25DB66 /* SocialGuardManager.swift */; };
		A75F38D210D42BDC6EAC0FD6 /* InsightSheetView.swift in Sources */ = {isa = PBXBuildFile; fileRef = 2E18F67259D39B16B3B1FE1D /* InsightSheetView.swift */; };
		B087D06DE6AAEE6A196DEE5F /* LaunchScreen.storyboard in Resources */ = {isa = PBXBuildFile; fileRef = B09EDBF5E76E53B8F4EFD5A2 /* LaunchScreen.storyboard */; };
		B646A6A1D6D10CAEB6C6276B /* CameraManager.swift in Sources */ = {isa = PBXBuildFile; fileRef = 8F7A71FD8E57DEAD8BD54B8D /* CameraManager.swift */; };
		B877508EC5465B634C8BAF4D /* GamificationManager.swift in Sources */ = {isa = PBXBuildFile; fileRef = 1E0D60BF7DCA58CC49289F8B /* GamificationManager.swift */; };
		C11ED297AD9651C7F44C4A96 /* MerianEnvironment.swift in Sources */ = {isa = PBXBuildFile; fileRef = 4D987ED745A175D5C5CDF8B3 /* MerianEnvironment.swift */; };
		C585EF3BFA0012F2973D3C91 /* MerianAppIntents.swift in Sources */ = {isa = PBXBuildFile; fileRef = 7E57E8F1984879D600108892 /* MerianAppIntents.swift */; };
		C7AA31ECCE527E151CF6C39C /* TelemetryClient in Frameworks */ = {isa = PBXBuildFile; productRef = B41D79C304B7AE7C8A98F7A4 /* TelemetryClient */; };
		CA208FA4F6C1789DC6AE5E7A /* InferenceEngine.swift in Sources */ = {isa = PBXBuildFile; fileRef = 808D6822C902BA82BDB51428 /* InferenceEngine.swift */; };
		CE394152F5071221586CE196 /* PostHog in Frameworks */ = {isa = PBXBuildFile; productRef = A0635D9DFE936BD480B327EA /* PostHog */; };
		D04601386C3C540AC9E1A14C /* MerianApp.swift in Sources */ = {isa = PBXBuildFile; fileRef = 5D57A8D01CDAF8E994655620 /* MerianApp.swift */; };
		D8914F42F1667394F72C0C63 /* SyncStateManager.swift in Sources */ = {isa = PBXBuildFile; fileRef = 6F441743E545E21D4B647A5E /* SyncStateManager.swift */; };
		DC5976B3161BF677189AC001 /* OfflineQueuedScan.swift in Sources */ = {isa = PBXBuildFile; fileRef = 5FF2E6642104DA1CAA60F1BE /* OfflineQueuedScan.swift */; };
		DFE28B3E2FF7EB68E490A68F /* TerrariumView.swift in Sources */ = {isa = PBXBuildFile; fileRef = 87E7465969D5DCB9E7F4B88D /* TerrariumView.swift */; };
		E0757E56E9E1A43C7EAECDD9 /* OfflineQueueManager.swift in Sources */ = {isa = PBXBuildFile; fileRef = A13495D01831DC8F10D3C01A /* OfflineQueueManager.swift */; };
		EFE45D1E60FF237738BE989A /* PostHogManager.swift in Sources */ = {isa = PBXBuildFile; fileRef = 70302F69A69AAA03EA359409 /* PostHogManager.swift */; };
/* End PBXBuildFile section */

/* Begin PBXFileReference section */
		00E96E3236A58E1380603B5D /* MerianActionBar.swift */ = {isa = PBXFileReference; lastKnownFileType = sourcecode.swift; path = MerianActionBar.swift; sourceTree = "<group>"; };
		0481771C41C383D2737DDEC7 /* MerianWatch.app */ = {isa = PBXFileReference; explicitFileType = wrapper.application; includeInIndex = 0; path = MerianWatch.app; sourceTree = BUILT_PRODUCTS_DIR; };
		0544663A0318949724DDE300 /* PaywallView.swift */ = {isa = PBXFileReference; lastKnownFileType = sourcecode.swift; path = PaywallView.swift; sourceTree = "<group>"; };
		15387F83E7C8F017AE6989EB /* ArchiveManager.swift */ = {isa = PBXFileReference; includeInIndex = 1; lastKnownFileType = sourcecode.swift; path = ArchiveManager.swift; sourceTree = "<group>"; };
		17BDC16D6533BAE16A26F5D8 /* HardwareOrchestrator.swift */ = {isa = PBXFileReference; lastKnownFileType = sourcecode.swift; path = HardwareOrchestrator.swift; sourceTree = "<group>"; };
		1E0D60BF7DCA58CC49289F8B /* GamificationManager.swift */ = {isa = PBXFileReference; lastKnownFileType = sourcecode.swift; path = GamificationManager.swift; sourceTree = "<group>"; };
		2E18F67259D39B16B3B1FE1D /* InsightSheetView.swift */ = {isa = PBXFileReference; lastKnownFileType = sourcecode.swift; path = InsightSheetView.swift; sourceTree = "<group>"; };
		46E47B0C03E9EC5DCE62C7E7 /* MerianNetworkClient.swift */ = {isa = PBXFileReference; lastKnownFileType = sourcecode.swift; path = MerianNetworkClient.swift; sourceTree = "<group>"; };
		4D3E659D28C648C5C155FF88 /* RevenueCatManager.swift */ = {isa = PBXFileReference; lastKnownFileType = sourcecode.swift; path = RevenueCatManager.swift; sourceTree = "<group>"; };
		4D987ED745A175D5C5CDF8B3 /* MerianEnvironment.swift */ = {isa = PBXFileReference; lastKnownFileType = sourcecode.swift; path = MerianEnvironment.swift; sourceTree = "<group>"; };
		4E10F6B4FBB693F712392A78 /* UsageManager.swift */ = {isa = PBXFileReference; lastKnownFileType = sourcecode.swift; path = UsageManager.swift; sourceTree = "<group>"; };
		4EAC04987BA3EFEC3707C69E /* ViewfinderIntelligence.swift */ = {isa = PBXFileReference; lastKnownFileType = sourcecode.swift; path = ViewfinderIntelligence.swift; sourceTree = "<group>"; };
		51E5ABA1F24B91BB39104EA4 /* CameraRootView.swift */ = {isa = PBXFileReference; lastKnownFileType = sourcecode.swift; path = CameraRootView.swift; sourceTree = "<group>"; };
		595E6381B45FC4DAA8014A89 /* Merian.app */ = {isa = PBXFileReference; explicitFileType = wrapper.application; includeInIndex = 0; path = Merian.app; sourceTree = BUILT_PRODUCTS_DIR; };
		5D57A8D01CDAF8E994655620 /* MerianApp.swift */ = {isa = PBXFileReference; lastKnownFileType = sourcecode.swift; path = MerianApp.swift; sourceTree = "<group>"; };
		5FF2E6642104DA1CAA60F1BE /* OfflineQueuedScan.swift */ = {isa = PBXFileReference; lastKnownFileType = sourcecode.swift; path = OfflineQueuedScan.swift; sourceTree = "<group>"; };
		63769A30A57E0746D270C60E /* SupabaseManager.swift */ = {isa = PBXFileReference; lastKnownFileType = sourcecode.swift; path = SupabaseManager.swift; sourceTree = "<group>"; };
		6F441743E545E21D4B647A5E /* SyncStateManager.swift */ = {isa = PBXFileReference; lastKnownFileType = sourcecode.swift; path = SyncStateManager.swift; sourceTree = "<group>"; };
		70302F69A69AAA03EA359409 /* PostHogManager.swift */ = {isa = PBXFileReference; lastKnownFileType = sourcecode.swift; path = PostHogManager.swift; sourceTree = "<group>"; };
		7E1291FB06E849329CB7410F /* CircuitBreakerManager.swift */ = {isa = PBXFileReference; includeInIndex = 1; lastKnownFileType = sourcecode.swift; path = CircuitBreakerManager.swift; sourceTree = "<group>"; };
		7E57E8F1984879D600108892 /* MerianAppIntents.swift */ = {isa = PBXFileReference; lastKnownFileType = sourcecode.swift; path = MerianAppIntents.swift; sourceTree = "<group>"; };
		7E7CDC8AFDD4FF1D0C25DB66 /* SocialGuardManager.swift */ = {isa = PBXFileReference; lastKnownFileType = sourcecode.swift; path = SocialGuardManager.swift; sourceTree = "<group>"; };
		808D6822C902BA82BDB51428 /* InferenceEngine.swift */ = {isa = PBXFileReference; includeInIndex = 1; lastKnownFileType = sourcecode.swift; path = InferenceEngine.swift; sourceTree = "<group>"; };
		87E7465969D5DCB9E7F4B88D /* TerrariumView.swift */ = {isa = PBXFileReference; lastKnownFileType = sourcecode.swift; path = TerrariumView.swift; sourceTree = "<group>"; };
		8E1A5A4F88C1B623CFF5B25F /* WatchAcousticManager.swift */ = {isa = PBXFileReference; lastKnownFileType = sourcecode.swift; path = WatchAcousticManager.swift; sourceTree = "<group>"; };
		8F7A71FD8E57DEAD8BD54B8D /* CameraManager.swift */ = {isa = PBXFileReference; lastKnownFileType = sourcecode.swift; path = CameraManager.swift; sourceTree = "<group>"; };
		98F6EC72296A8F0873BCBB4F /* LifeListSearchManager.swift */ = {isa = PBXFileReference; lastKnownFileType = sourcecode.swift; path = LifeListSearchManager.swift; sourceTree = "<group>"; };
		A13495D01831DC8F10D3C01A /* OfflineQueueManager.swift */ = {isa = PBXFileReference; lastKnownFileType = sourcecode.swift; path = OfflineQueueManager.swift; sourceTree = "<group>"; };
		A8166641171629DC4E41B081 /* MerianWatchApp.swift */ = {isa = PBXFileReference; lastKnownFileType = sourcecode.swift; path = MerianWatchApp.swift; sourceTree = "<group>"; };
		B03EAD808B1F5D84E75D030C /* Config.xcconfig */ = {isa = PBXFileReference; lastKnownFileType = text.xcconfig; path = Config.xcconfig; sourceTree = "<group>"; };
		B09EDBF5E76E53B8F4EFD5A2 /* LaunchScreen.storyboard */ = {isa = PBXFileReference; lastKnownFileType = file.storyboard; path = LaunchScreen.storyboard; sourceTree = "<group>"; };
		B2635BF40170F892D6FFFD9B /* HapticManager.swift */ = {isa = PBXFileReference; includeInIndex = 1; lastKnownFileType = sourcecode.swift; path = HapticManager.swift; sourceTree = "<group>"; };
		BF6016D928A11551039654D0 /* Assets.xcassets */ = {isa = PBXFileReference; lastKnownFileType = folder.assetcatalog; path = Assets.xcassets; sourceTree = "<group>"; };
		CB9E27E92C07B1A6540ECA75 /* DiagnosticComparisonView.swift */ = {isa = PBXFileReference; lastKnownFileType = sourcecode.swift; path = DiagnosticComparisonView.swift; sourceTree = "<group>"; };
		CC5EE4B93ABC3C36FCF55922 /* Info.plist */ = {isa = PBXFileReference; lastKnownFileType = text.plist; path = Info.plist; sourceTree = "<group>"; };
		EF836BCE5722B41748153F02 /* AppTelemetry.swift */ = {isa = PBXFileReference; lastKnownFileType = sourcecode.swift; path = AppTelemetry.swift; sourceTree = "<group>"; };
/* End PBXFileReference section */

/* Begin PBXFrameworksBuildPhase section */
		21CC6ACD2ED3E29E2FC749EF /* Frameworks */ = {
			isa = PBXFrameworksBuildPhase;
			buildActionMask = 2147483647;
			files = (
				8F655442A6D196335FD58F8B /* RevenueCat in Frameworks */,
				CE394152F5071221586CE196 /* PostHog in Frameworks */,
				4D44E3680C7B0A2827090B7C /* Supabase in Frameworks */,
				C7AA31ECCE527E151CF6C39C /* TelemetryClient in Frameworks */,
				9664363BC59C58EF6717049F /* RiveRuntime in Frameworks */,
			);
			runOnlyForDeploymentPostprocessing = 0;
		};
/* End PBXFrameworksBuildPhase section */

/* Begin PBXGroup section */
		43788D0ED2F865E69A83AE35 /* App */ = {
			isa = PBXGroup;
			children = (
				51E5ABA1F24B91BB39104EA4 /* CameraRootView.swift */,
				CB9E27E92C07B1A6540ECA75 /* DiagnosticComparisonView.swift */,
				2E18F67259D39B16B3B1FE1D /* InsightSheetView.swift */,
				B09EDBF5E76E53B8F4EFD5A2 /* LaunchScreen.storyboard */,
				98F6EC72296A8F0873BCBB4F /* LifeListSearchManager.swift */,
				00E96E3236A58E1380603B5D /* MerianActionBar.swift */,
				5D57A8D01CDAF8E994655620 /* MerianApp.swift */,
				0544663A0318949724DDE300 /* PaywallView.swift */,
				87E7465969D5DCB9E7F4B88D /* TerrariumView.swift */,
			);
			path = App;
			sourceTree = "<group>";
		};
		4614202F6465E0F5BE4F99BA /* merian */ = {
			isa = PBXGroup;
			children = (
				B03EAD808B1F5D84E75D030C /* Config.xcconfig */,
			);
			name = merian;
			path = .;
			sourceTree = "<group>";
		};
		82DCBDD326D8981E3A5B8879 /* CoreServices */ = {
			isa = PBXGroup;
			children = (
				EF836BCE5722B41748153F02 /* AppTelemetry.swift */,
				8F7A71FD8E57DEAD8BD54B8D /* CameraManager.swift */,
				1E0D60BF7DCA58CC49289F8B /* GamificationManager.swift */,
				17BDC16D6533BAE16A26F5D8 /* HardwareOrchestrator.swift */,
				7E57E8F1984879D600108892 /* MerianAppIntents.swift */,
				4D987ED745A175D5C5CDF8B3 /* MerianEnvironment.swift */,
				46E47B0C03E9EC5DCE62C7E7 /* MerianNetworkClient.swift */,
				A13495D01831DC8F10D3C01A /* OfflineQueueManager.swift */,
				70302F69A69AAA03EA359409 /* PostHogManager.swift */,
				4D3E659D28C648C5C155FF88 /* RevenueCatManager.swift */,
				7E7CDC8AFDD4FF1D0C25DB66 /* SocialGuardManager.swift */,
				63769A30A57E0746D270C60E /* SupabaseManager.swift */,
				6F441743E545E21D4B647A5E /* SyncStateManager.swift */,
				4E10F6B4FBB693F712392A78 /* UsageManager.swift */,
				4EAC04987BA3EFEC3707C69E /* ViewfinderIntelligence.swift */,
				808D6822C902BA82BDB51428 /* InferenceEngine.swift */,
				7E1291FB06E849329CB7410F /* CircuitBreakerManager.swift */,
				15387F83E7C8F017AE6989EB /* ArchiveManager.swift */,
				B2635BF40170F892D6FFFD9B /* HapticManager.swift */,
			);
			path = CoreServices;
			sourceTree = "<group>";
		};
		B107761B737813AA9586836E /* Models */ = {
			isa = PBXGroup;
			children = (
				5FF2E6642104DA1CAA60F1BE /* OfflineQueuedScan.swift */,
			);
			path = Models;
			sourceTree = "<group>";
		};
		CD1C36A63AE192CF4E651D3F = {
			isa = PBXGroup;
			children = (
				E7702D88B7F7A1860DCB8689 /* Merian */,
				4614202F6465E0F5BE4F99BA /* merian */,
				FA698C58EA619367BF3921C1 /* MerianWatch */,
				F420A3E8A335E1F061C6E39C /* Products */,
			);
			sourceTree = "<group>";
		};
		E7702D88B7F7A1860DCB8689 /* Merian */ = {
			isa = PBXGroup;
			children = (
				BF6016D928A11551039654D0 /* Assets.xcassets */,
				CC5EE4B93ABC3C36FCF55922 /* Info.plist */,
				43788D0ED2F865E69A83AE35 /* App */,
				82DCBDD326D8981E3A5B8879 /* CoreServices */,
				B107761B737813AA9586836E /* Models */,
			);
			path = Merian;
			sourceTree = "<group>";
		};
		F420A3E8A335E1F061C6E39C /* Products */ = {
			isa = PBXGroup;
			children = (
				595E6381B45FC4DAA8014A89 /* Merian.app */,
				0481771C41C383D2737DDEC7 /* MerianWatch.app */,
			);
			name = Products;
			sourceTree = "<group>";
		};
		FA698C58EA619367BF3921C1 /* MerianWatch */ = {
			isa = PBXGroup;
			children = (
				A8166641171629DC4E41B081 /* MerianWatchApp.swift */,
				8E1A5A4F88C1B623CFF5B25F /* WatchAcousticManager.swift */,
			);
			path = MerianWatch;
			sourceTree = "<group>";
		};
/* End PBXGroup section */

/* Begin PBXNativeTarget section */
		D06FD3E9CDCF533A0C2D2843 /* Merian */ = {
			isa = PBXNativeTarget;
			buildConfigurationList = 349F75561072D4C00D971A2E /* Build configuration list for PBXNativeTarget "Merian" */;
			buildPhases = (
				CCD1122796932DE51F271174 /* Sources */,
				AAFE341D60F3C52B0EEC299C /* Resources */,
				21CC6ACD2ED3E29E2FC749EF /* Frameworks */,
			);
			buildRules = (
			);
			dependencies = (
			);
			name = Merian;
			packageProductDependencies = (
				B4F36BE3B0243F44D0C1A93C /* RevenueCat */,
				A0635D9DFE936BD480B327EA /* PostHog */,
				D6636FC58125D5F4C5ECEDDF /* Supabase */,
				B41D79C304B7AE7C8A98F7A4 /* TelemetryClient */,
				8AF45E48D940462F64FF38E6 /* RiveRuntime */,
			);
			productName = Merian;
			productReference = 595E6381B45FC4DAA8014A89 /* Merian.app */;
			productType = "com.apple.product-type.application";
		};
		E59BC2C6A28D64E9B810676B /* MerianWatch */ = {
			isa = PBXNativeTarget;
			buildConfigurationList = 85BBF39E85E4E56CAAAF0EA9 /* Build configuration list for PBXNativeTarget "MerianWatch" */;
			buildPhases = (
				979F70E5ED4931F6558657E0 /* Sources */,
			);
			buildRules = (
			);
			dependencies = (
			);
			name = MerianWatch;
			productName = MerianWatch;
			productReference = 0481771C41C383D2737DDEC7 /* MerianWatch.app */;
			productType = "com.apple.product-type.application";
		};
/* End PBXNativeTarget section */

/* Begin PBXProject section */
		C2202C8EFE32EB682F84E931 /* Project object */ = {
			isa = PBXProject;
			attributes = {
				BuildIndependentTargetsInParallel = YES;
				LastUpgradeCheck = 2630;
			};
			buildConfigurationList = 972FBC3FD9777422C0AAC783 /* Build configuration list for PBXProject "Merian" */;
			developmentRegion = en;
			hasScannedForEncodings = 0;
			knownRegions = (
				Base,
				en,
			);
			mainGroup = CD1C36A63AE192CF4E651D3F;
			minimizedProjectReferenceProxies = 1;
			packageReferences = (
				E3129842C30F4CED63055F81 /* XCRemoteSwiftPackageReference "posthog-ios" */,
				CE261A90057CF93D57C2B7CE /* XCRemoteSwiftPackageReference "purchases-ios" */,
				F00F1D918B7D9520625EA31D /* XCRemoteSwiftPackageReference "rive-ios" */,
				A68D7B2C0AC3928BB3164D73 /* XCRemoteSwiftPackageReference "supabase-swift" */,
				51EB52F78E5BB0AF6B928C7A /* XCRemoteSwiftPackageReference "SwiftClient" */,
			);
			productRefGroup = F420A3E8A335E1F061C6E39C /* Products */;
			projectDirPath = "";
			projectRoot = "";
			targets = (
				D06FD3E9CDCF533A0C2D2843 /* Merian */,
				E59BC2C6A28D64E9B810676B /* MerianWatch */,
			);
		};
/* End PBXProject section */

/* Begin PBXResourcesBuildPhase section */
		AAFE341D60F3C52B0EEC299C /* Resources */ = {
			isa = PBXResourcesBuildPhase;
			buildActionMask = 2147483647;
			files = (
				2EA34DB4680CC269E0767805 /* Assets.xcassets in Resources */,
				B087D06DE6AAEE6A196DEE5F /* LaunchScreen.storyboard in Resources */,
			);
			runOnlyForDeploymentPostprocessing = 0;
		};
/* End PBXResourcesBuildPhase section */

/* Begin PBXSourcesBuildPhase section */
		979F70E5ED4931F6558657E0 /* Sources */ = {
			isa = PBXSourcesBuildPhase;
			buildActionMask = 2147483647;
			files = (
				80923B86E3B63DA5F4791FBC /* MerianWatchApp.swift in Sources */,
				2BF1BEB4A71119405DD5F026 /* WatchAcousticManager.swift in Sources */,
			);
			runOnlyForDeploymentPostprocessing = 0;
		};
		CCD1122796932DE51F271174 /* Sources */ = {
			isa = PBXSourcesBuildPhase;
			buildActionMask = 2147483647;
			files = (
				6F75D7C9545B200B2B45122E /* AppTelemetry.swift in Sources */,
				B646A6A1D6D10CAEB6C6276B /* CameraManager.swift in Sources */,
				16673AF8A7AC00E010A16288 /* CameraRootView.swift in Sources */,
				07C3FD827D3E78D074A932E7 /* DiagnosticComparisonView.swift in Sources */,
				B877508EC5465B634C8BAF4D /* GamificationManager.swift in Sources */,
				1AF3C8456601927E288B1890 /* HardwareOrchestrator.swift in Sources */,
				A75F38D210D42BDC6EAC0FD6 /* InsightSheetView.swift in Sources */,
				8D28D290FD319AF4DFE6056C /* LifeListSearchManager.swift in Sources */,
				4C6CFCA137410A34B0F97A27 /* MerianActionBar.swift in Sources */,
				D04601386C3C540AC9E1A14C /* MerianApp.swift in Sources */,
				C585EF3BFA0012F2973D3C91 /* MerianAppIntents.swift in Sources */,
				C11ED297AD9651C7F44C4A96 /* MerianEnvironment.swift in Sources */,
				2632809FB1F933EC169350AB /* MerianNetworkClient.swift in Sources */,
				E0757E56E9E1A43C7EAECDD9 /* OfflineQueueManager.swift in Sources */,
				DC5976B3161BF677189AC001 /* OfflineQueuedScan.swift in Sources */,
				9432B1A5023ECCD2540CE505 /* PaywallView.swift in Sources */,
				EFE45D1E60FF237738BE989A /* PostHogManager.swift in Sources */,
				9B99A069523FF98347A3C557 /* RevenueCatManager.swift in Sources */,
				A18D50B4063A85EC6D9718AA /* SocialGuardManager.swift in Sources */,
				382BE761F821EA8A0CC87A2A /* SupabaseManager.swift in Sources */,
				D8914F42F1667394F72C0C63 /* SyncStateManager.swift in Sources */,
				DFE28B3E2FF7EB68E490A68F /* TerrariumView.swift in Sources */,
				57B3AB95EA69F38741E9E500 /* UsageManager.swift in Sources */,
				02744C5D1C5479E4C23ECC25 /* ViewfinderIntelligence.swift in Sources */,
				CA208FA4F6C1789DC6AE5E7A /* InferenceEngine.swift in Sources */,
				744549B88F24B2BBB8D37482 /* CircuitBreakerManager.swift in Sources */,
				368C132A83A86B60CAD0F8F8 /* ArchiveManager.swift in Sources */,
				6C88F3FDFFA0739089B1DA71 /* HapticManager.swift in Sources */,
			);
			runOnlyForDeploymentPostprocessing = 0;
		};
/* End PBXSourcesBuildPhase section */

/* Begin XCBuildConfiguration section */
		16E59262791D4BC7B239672B /* Release */ = {
			isa = XCBuildConfiguration;
			buildSettings = {
				ASSETCATALOG_COMPILER_APPICON_NAME = AppIcon;
				DEVELOPMENT_TEAM = TA8S64ST9W;
				GENERATE_INFOPLIST_FILE = YES;
				INFOPLIST_KEY_WKCompanionAppBundleIdentifier = app.merian.Merian;
				INFOPLIST_KEY_WKRunsIndependentlyOfCompanionApp = NO;
				PRODUCT_BUNDLE_IDENTIFIER = app.merian.Merian.watchkitapp;
				SDKROOT = watchos;
				SKIP_INSTALL = YES;
				TARGETED_DEVICE_FAMILY = 4;
				WATCHOS_DEPLOYMENT_TARGET = 10.0;
			};
			name = Release;
		};
		2A070EB1D51EB18C60B10AFC /* Release */ = {
			isa = XCBuildConfiguration;
			baseConfigurationReference = B03EAD808B1F5D84E75D030C /* Config.xcconfig */;
			buildSettings = {
				ASSETCATALOG_COMPILER_APPICON_NAME = AppIcon;
				CODE_SIGN_IDENTITY = "iPhone Developer";
				DEVELOPMENT_TEAM = TA8S64ST9W;
				GENERATE_INFOPLIST_FILE = NO;
				INFOPLIST_FILE = Merian/Info.plist;
				INFOPLIST_KEY_LSApplicationCategoryType = "public.app-category.education";
				IPHONEOS_DEPLOYMENT_TARGET = 17.0;
				LD_RUNPATH_SEARCH_PATHS = (
					"$(inherited)",
					"@executable_path/Frameworks",
				);
				PRODUCT_BUNDLE_IDENTIFIER = app.merian.Merian;
				SDKROOT = iphoneos;
				TARGETED_DEVICE_FAMILY = 1;
			};
			name = Release;
		};
		7A7F91EC857905B224836889 /* Debug */ = {
			isa = XCBuildConfiguration;
			buildSettings = {
				ALWAYS_SEARCH_USER_PATHS = NO;
				CLANG_ANALYZER_NONNULL = YES;
				CLANG_ANALYZER_NUMBER_OBJECT_CONVERSION = YES_AGGRESSIVE;
				CLANG_CXX_LANGUAGE_STANDARD = "gnu++14";
				CLANG_CXX_LIBRARY = "libc++";
				CLANG_ENABLE_MODULES = YES;
				CLANG_ENABLE_OBJC_ARC = YES;
				CLANG_ENABLE_OBJC_WEAK = YES;
				CLANG_WARN_BLOCK_CAPTURE_AUTORELEASING = YES;
				CLANG_WARN_BOOL_CONVERSION = YES;
				CLANG_WARN_COMMA = YES;
				CLANG_WARN_CONSTANT_CONVERSION = YES;
				CLANG_WARN_DEPRECATED_OBJC_IMPLEMENTATIONS = YES;
				CLANG_WARN_DIRECT_OBJC_ISA_USAGE = YES_ERROR;
				CLANG_WARN_DOCUMENTATION_COMMENTS = YES;
				CLANG_WARN_EMPTY_BODY = YES;
				CLANG_WARN_ENUM_CONVERSION = YES;
				CLANG_WARN_INFINITE_RECURSION = YES;
				CLANG_WARN_INT_CONVERSION = YES;
				CLANG_WARN_NON_LITERAL_NULL_CONVERSION = YES;
				CLANG_WARN_OBJC_IMPLICIT_RETAIN_SELF = YES;
				CLANG_WARN_OBJC_LITERAL_CONVERSION = YES;
				CLANG_WARN_OBJC_ROOT_CLASS = YES_ERROR;
				CLANG_WARN_QUOTED_INCLUDE_IN_FRAMEWORK_HEADER = YES;
				CLANG_WARN_RANGE_LOOP_ANALYSIS = YES;
				CLANG_WARN_STRICT_PROTOTYPES = YES;
				CLANG_WARN_SUSPICIOUS_MOVE = YES;
				CLANG_WARN_UNGUARDED_AVAILABILITY = YES_AGGRESSIVE;
				CLANG_WARN_UNREACHABLE_CODE = YES;
				CLANG_WARN__DUPLICATE_METHOD_MATCH = YES;
				COPY_PHASE_STRIP = NO;
				CURRENT_PROJECT_VERSION = 2;
				DEAD_CODE_STRIPPING = YES;
				DEBUG_INFORMATION_FORMAT = dwarf;
				ENABLE_STRICT_OBJC_MSGSEND = YES;
				ENABLE_TESTABILITY = YES;
				ENABLE_USER_SCRIPT_SANDBOXING = YES;
				GCC_C_LANGUAGE_STANDARD = gnu11;
				GCC_DYNAMIC_NO_PIC = NO;
				GCC_NO_COMMON_BLOCKS = YES;
				GCC_OPTIMIZATION_LEVEL = 0;
				GCC_PREPROCESSOR_DEFINITIONS = (
					"$(inherited)",
					"DEBUG=1",
				);
				GCC_WARN_64_TO_32_BIT_CONVERSION = YES;
				GCC_WARN_ABOUT_RETURN_TYPE = YES_ERROR;
				GCC_WARN_UNDECLARED_SELECTOR = YES;
				GCC_WARN_UNINITIALIZED_AUTOS = YES_AGGRESSIVE;
				GCC_WARN_UNUSED_FUNCTION = YES;
				GCC_WARN_UNUSED_VARIABLE = YES;
				IPHONEOS_DEPLOYMENT_TARGET = 17.0;
				MACOSX_DEPLOYMENT_TARGET = 14.0;
				MTL_ENABLE_DEBUG_INFO = INCLUDE_SOURCE;
				MTL_FAST_MATH = YES;
				ONLY_ACTIVE_ARCH = YES;
				PRODUCT_NAME = "$(TARGET_NAME)";
				STRING_CATALOG_GENERATE_SYMBOLS = YES;
				SWIFT_ACTIVE_COMPILATION_CONDITIONS = DEBUG;
				SWIFT_OPTIMIZATION_LEVEL = "-Onone";
				SWIFT_VERSION = 5.0;
				VERSIONING_SYSTEM = "apple-generic";
			};
			name = Debug;
		};
		AABC477C3F875B4C694102E4 /* Debug */ = {
			isa = XCBuildConfiguration;
			buildSettings = {
				ASSETCATALOG_COMPILER_APPICON_NAME = AppIcon;
				DEVELOPMENT_TEAM = TA8S64ST9W;
				GENERATE_INFOPLIST_FILE = YES;
				INFOPLIST_KEY_WKCompanionAppBundleIdentifier = app.merian.Merian;
				INFOPLIST_KEY_WKRunsIndependentlyOfCompanionApp = NO;
				PRODUCT_BUNDLE_IDENTIFIER = app.merian.Merian.watchkitapp;
				SDKROOT = watchos;
				SKIP_INSTALL = YES;
				TARGETED_DEVICE_FAMILY = 4;
				WATCHOS_DEPLOYMENT_TARGET = 10.0;
			};
			name = Debug;
		};
		DFA8A85D68846B429AD00C28 /* Release */ = {
			isa = XCBuildConfiguration;
			buildSettings = {
				ALWAYS_SEARCH_USER_PATHS = NO;
				CLANG_ANALYZER_NONNULL = YES;
				CLANG_ANALYZER_NUMBER_OBJECT_CONVERSION = YES_AGGRESSIVE;
				CLANG_CXX_LANGUAGE_STANDARD = "gnu++14";
				CLANG_CXX_LIBRARY = "libc++";
				CLANG_ENABLE_MODULES = YES;
				CLANG_ENABLE_OBJC_ARC = YES;
				CLANG_ENABLE_OBJC_WEAK = YES;
				CLANG_WARN_BLOCK_CAPTURE_AUTORELEASING = YES;
				CLANG_WARN_BOOL_CONVERSION = YES;
				CLANG_WARN_COMMA = YES;
				CLANG_WARN_CONSTANT_CONVERSION = YES;
				CLANG_WARN_DEPRECATED_OBJC_IMPLEMENTATIONS = YES;
				CLANG_WARN_DIRECT_OBJC_ISA_USAGE = YES_ERROR;
				CLANG_WARN_DOCUMENTATION_COMMENTS = YES;
				CLANG_WARN_EMPTY_BODY = YES;
				CLANG_WARN_ENUM_CONVERSION = YES;
				CLANG_WARN_INFINITE_RECURSION = YES;
				CLANG_WARN_INT_CONVERSION = YES;
				CLANG_WARN_NON_LITERAL_NULL_CONVERSION = YES;
				CLANG_WARN_OBJC_IMPLICIT_RETAIN_SELF = YES;
				CLANG_WARN_OBJC_LITERAL_CONVERSION = YES;
				CLANG_WARN_OBJC_ROOT_CLASS = YES_ERROR;
				CLANG_WARN_QUOTED_INCLUDE_IN_FRAMEWORK_HEADER = YES;
				CLANG_WARN_RANGE_LOOP_ANALYSIS = YES;
				CLANG_WARN_STRICT_PROTOTYPES = YES;
				CLANG_WARN_SUSPICIOUS_MOVE = YES;
				CLANG_WARN_UNGUARDED_AVAILABILITY = YES_AGGRESSIVE;
				CLANG_WARN_UNREACHABLE_CODE = YES;
				CLANG_WARN__DUPLICATE_METHOD_MATCH = YES;
				COPY_PHASE_STRIP = NO;
				CURRENT_PROJECT_VERSION = 2;
				DEAD_CODE_STRIPPING = YES;
				DEBUG_INFORMATION_FORMAT = "dwarf-with-dsym";
				ENABLE_NS_ASSERTIONS = NO;
				ENABLE_STRICT_OBJC_MSGSEND = YES;
				ENABLE_USER_SCRIPT_SANDBOXING = YES;
				GCC_C_LANGUAGE_STANDARD = gnu11;
				GCC_NO_COMMON_BLOCKS = YES;
				GCC_WARN_64_TO_32_BIT_CONVERSION = YES;
				GCC_WARN_ABOUT_RETURN_TYPE = YES_ERROR;
				GCC_WARN_UNDECLARED_SELECTOR = YES;
				GCC_WARN_UNINITIALIZED_AUTOS = YES_AGGRESSIVE;
				GCC_WARN_UNUSED_FUNCTION = YES;
				GCC_WARN_UNUSED_VARIABLE = YES;
				IPHONEOS_DEPLOYMENT_TARGET = 17.0;
				MACOSX_DEPLOYMENT_TARGET = 14.0;
				MTL_ENABLE_DEBUG_INFO = NO;
				MTL_FAST_MATH = YES;
				PRODUCT_NAME = "$(TARGET_NAME)";
				STRING_CATALOG_GENERATE_SYMBOLS = YES;
				SWIFT_COMPILATION_MODE = wholemodule;
				SWIFT_OPTIMIZATION_LEVEL = "-O";
				SWIFT_VERSION = 5.0;
				VERSIONING_SYSTEM = "apple-generic";
			};
			name = Release;
		};
		FA85932515F575EB75458FFA /* Debug */ = {
			isa = XCBuildConfiguration;
			baseConfigurationReference = B03EAD808B1F5D84E75D030C /* Config.xcconfig */;
			buildSettings = {
				ASSETCATALOG_COMPILER_APPICON_NAME = AppIcon;
				CODE_SIGN_IDENTITY = "iPhone Developer";
				DEVELOPMENT_TEAM = TA8S64ST9W;
				GENERATE_INFOPLIST_FILE = NO;
				INFOPLIST_FILE = Merian/Info.plist;
				INFOPLIST_KEY_LSApplicationCategoryType = "public.app-category.education";
				IPHONEOS_DEPLOYMENT_TARGET = 17.0;
				LD_RUNPATH_SEARCH_PATHS = (
					"$(inherited)",
					"@executable_path/Frameworks",
				);
				PRODUCT_BUNDLE_IDENTIFIER = app.merian.Merian;
				SDKROOT = iphoneos;
				TARGETED_DEVICE_FAMILY = 1;
			};
			name = Debug;
		};
/* End XCBuildConfiguration section */

/* Begin XCConfigurationList section */
		349F75561072D4C00D971A2E /* Build configuration list for PBXNativeTarget "Merian" */ = {
			isa = XCConfigurationList;
			buildConfigurations = (
				FA85932515F575EB75458FFA /* Debug */,
				2A070EB1D51EB18C60B10AFC /* Release */,
			);
			defaultConfigurationIsVisible = 0;
			defaultConfigurationName = Debug;
		};
		85BBF39E85E4E56CAAAF0EA9 /* Build configuration list for PBXNativeTarget "MerianWatch" */ = {
			isa = XCConfigurationList;
			buildConfigurations = (
				AABC477C3F875B4C694102E4 /* Debug */,
				16E59262791D4BC7B239672B /* Release */,
			);
			defaultConfigurationIsVisible = 0;
			defaultConfigurationName = Debug;
		};
		972FBC3FD9777422C0AAC783 /* Build configuration list for PBXProject "Merian" */ = {
			isa = XCConfigurationList;
			buildConfigurations = (
				7A7F91EC857905B224836889 /* Debug */,
				DFA8A85D68846B429AD00C28 /* Release */,
			);
			defaultConfigurationIsVisible = 0;
			defaultConfigurationName = Debug;
		};
/* End XCConfigurationList section */

/* Begin XCRemoteSwiftPackageReference section */
		51EB52F78E5BB0AF6B928C7A /* XCRemoteSwiftPackageReference "SwiftClient" */ = {
			isa = XCRemoteSwiftPackageReference;
			repositoryURL = "https://github.com/TelemetryDeck/SwiftClient.git";
			requirement = {
				kind = upToNextMajorVersion;
				minimumVersion = 1.5.0;
			};
		};
		A68D7B2C0AC3928BB3164D73 /* XCRemoteSwiftPackageReference "supabase-swift" */ = {
			isa = XCRemoteSwiftPackageReference;
			repositoryURL = "https://github.com/supabase-community/supabase-swift.git";
			requirement = {
				kind = upToNextMajorVersion;
				minimumVersion = 2.3.0;
			};
		};
		CE261A90057CF93D57C2B7CE /* XCRemoteSwiftPackageReference "purchases-ios" */ = {
			isa = XCRemoteSwiftPackageReference;
			repositoryURL = "https://github.com/RevenueCat/purchases-ios.git";
			requirement = {
				kind = upToNextMajorVersion;
				minimumVersion = 5.0.0;
			};
		};
		E3129842C30F4CED63055F81 /* XCRemoteSwiftPackageReference "posthog-ios" */ = {
			isa = XCRemoteSwiftPackageReference;
			repositoryURL = "https://github.com/PostHog/posthog-ios.git";
			requirement = {
				kind = upToNextMajorVersion;
				minimumVersion = 3.1.2;
			};
		};
		F00F1D918B7D9520625EA31D /* XCRemoteSwiftPackageReference "rive-ios" */ = {
			isa = XCRemoteSwiftPackageReference;
			repositoryURL = "https://github.com/rive-app/rive-ios.git";
			requirement = {
				kind = upToNextMajorVersion;
				minimumVersion = 5.8.0;
			};
		};
/* End XCRemoteSwiftPackageReference section */

/* Begin XCSwiftPackageProductDependency section */
		8AF45E48D940462F64FF38E6 /* RiveRuntime */ = {
			isa = XCSwiftPackageProductDependency;
			package = F00F1D918B7D9520625EA31D /* XCRemoteSwiftPackageReference "rive-ios" */;
			productName = RiveRuntime;
		};
		A0635D9DFE936BD480B327EA /* PostHog */ = {
			isa = XCSwiftPackageProductDependency;
			package = E3129842C30F4CED63055F81 /* XCRemoteSwiftPackageReference "posthog-ios" */;
			productName = PostHog;
		};
		B41D79C304B7AE7C8A98F7A4 /* TelemetryClient */ = {
			isa = XCSwiftPackageProductDependency;
			package = 51EB52F78E5BB0AF6B928C7A /* XCRemoteSwiftPackageReference "SwiftClient" */;
			productName = TelemetryClient;
		};
		B4F36BE3B0243F44D0C1A93C /* RevenueCat */ = {
			isa = XCSwiftPackageProductDependency;
			package = CE261A90057CF93D57C2B7CE /* XCRemoteSwiftPackageReference "purchases-ios" */;
			productName = RevenueCat;
		};
		D6636FC58125D5F4C5ECEDDF /* Supabase */ = {
			isa = XCSwiftPackageProductDependency;
			package = A68D7B2C0AC3928BB3164D73 /* XCRemoteSwiftPackageReference "supabase-swift" */;
			productName = Supabase;
		};
/* End XCSwiftPackageProductDependency section */
	};
	rootObject = C2202C8EFE32EB682F84E931 /* Project object */;
}
